PODS:
  - Kingfisher (3.6.2)
  - Reactant (1.0.0):
    - Reactant/Core (= 1.0.0)
    - Reactant/Result (= 1.0.0)
  - Reactant/Configuration (1.0.0):
    - RxSwift (~> 3.0)
    - SnapKit (~> 3.0)
  - Reactant/Core (1.0.0):
    - Reactant/Configuration
    - RxSwift (~> 3.0)
    - SnapKit (~> 3.0)
  - Reactant/Result (1.0.0):
    - Result (~> 3.0)
    - RxOptional (~> 3.0)
    - RxSwift (~> 3.0)
  - Reactant/TableView (1.0.0):
    - Reactant/Core
    - RxCocoa (~> 3.0)
    - RxDataSources (~> 1.0)
  - ReactantLiveUI (0.1.0):
    - Reactant
    - Reactant/TableView
    - RxCocoa
    - SWXMLHash
  - ReactantUI (0.1.0)
  - Result (3.2.1)
  - RxCocoa (3.4.0):
    - RxSwift (~> 3.4)
  - RxDataSources (1.0.3):
    - RxCocoa (~> 3.0)
    - RxSwift (~> 3.0)
  - RxOptional (3.1.3):
    - RxCocoa
    - RxSwift
  - RxSwift (3.4.0)
  - SnapKit (3.2.0)
  - SWXMLHash (3.0.4)

DEPENDENCIES:
  - Kingfisher (~> 3.0)
  - Reactant (from `https://github.com/Brightify/Reactant.git`, branch `master`)
  - Reactant/TableView (from `https://github.com/Brightify/Reactant.git`, branch `master`)
  - ReactantLiveUI (from `./`)
  - ReactantUI (from `./`)
  - Result (~> 3.0)
  - RxCocoa (~> 3.0)
  - RxDataSources (~> 1.0)
  - RxOptional (~> 3.0)
  - RxSwift (~> 3.0)
  - SnapKit (~> 3.0)
  - SWXMLHash

EXTERNAL SOURCES:
  Reactant:
    :branch: master
    :git: https://github.com/Brightify/Reactant.git
  ReactantLiveUI:
    :path: "./"
  ReactantUI:
    :path: "./"

CHECKOUT OPTIONS:
  Reactant:
    :commit: 7901278c9d73580f26d87d23529568893e9a1efa
    :git: https://github.com/Brightify/Reactant.git

SPEC CHECKSUMS:
  Kingfisher: 2c94e72c6830622c71d06adf4ea024c37d316830
  Reactant: ed2c0fe5391df1c19c3f62542785d8fd6edfa7ec
  ReactantLiveUI: '097d491592fbf8e175b4e95e546efa9cd855ff9b'
  ReactantUI: 5da42a33978943e5821c9eabc54a45ddafa8c40b
  Result: 2453a22e5c5b11c0c3a478736e82cd02f763b781
  RxCocoa: d14ef6b6029e1ddc6e966508c09289090de68ff9
  RxDataSources: a021a0e944ba5f7991259829d973afdbfa719c0b
  RxOptional: b97b59183af80d1e729ac9e51d09a10be668d6a8
  RxSwift: 3789a1af753002a14edecdb698a2424624296a9c
  SnapKit: 1ca44df72cfa543218d177cb8aab029d10d86ea7
  SWXMLHash: 29d20b84692fc319ea8ed933058fe7d8d005139b

PODFILE CHECKSUM: 2bcd0ad0588500ef728add6cf21ff024bccd888a

COCOAPODS: 1.2.1
