PODS:
  - Differentiator (3.0.2)
  - HyperdrivePlatform/Configuration (2.0.0-alpha.1)
  - HyperdrivePlatform/Core (2.0.0-alpha.1):
    - HyperdrivePlatform/Configuration
    - SnapKit (~> 4.0)
  - HyperdrivePlatform/TableView (2.0.0-alpha.1):
    - HyperdrivePlatform/Core
    - RxCocoa (~> 4.0)
    - RxDataSources (~> 3.0)
  - iOSSnapshotTestCase (3.0.0):
    - iOSSnapshotTestCase/SwiftSupport (= 3.0.0)
  - iOSSnapshotTestCase/Core (3.0.0)
  - iOSSnapshotTestCase/SwiftSupport (3.0.0):
    - iOSSnapshotTestCase/Core
  - Kingfisher (4.8.0)
  - Nimble (7.1.3)
  - Quick (1.3.1)
  - Result (3.2.4)
  - RxBlocking (4.1.2):
    - RxSwift (~> 4.0)
  - RxCocoa (4.1.2):
    - RxSwift (~> 4.0)
  - RxDataSources (3.0.2):
    - Differentiator (~> 3.0)
    - RxCocoa (~> 4.0)
    - RxSwift (~> 4.0)
  - RxNimble (4.1.0):
    - Nimble (~> 7.0)
    - RxBlocking (~> 4.0)
    - RxSwift (~> 4.0)
  - RxOptional (3.4.0):
    - RxCocoa (~> 4.0)
    - RxSwift (~> 4.0)
  - RxSwift (4.1.2)
  - RxTest (4.1.2):
    - RxSwift (~> 4.0)
  - SnapKit (4.0.0)

DEPENDENCIES:
  - HyperdrivePlatform/TableView (from `Dependencies/Reactant`)
  - iOSSnapshotTestCase
  - Kingfisher (~> 4.0)
  - Nimble (~> 7.0)
  - Quick (~> 1.1)
  - Result (~> 3.0)
  - RxCocoa (~> 4.0)
  - RxDataSources (~> 3.0)
  - RxNimble
  - RxOptional (~> 3.0)
  - RxSwift (~> 4.0)
  - RxTest
  - SnapKit (~> 4.0)

SPEC REPOS:
  https://github.com/cocoapods/specs.git:
    - Differentiator
    - iOSSnapshotTestCase
    - Kingfisher
    - Nimble
    - Quick
    - Result
    - RxBlocking
    - RxCocoa
    - RxDataSources
    - RxNimble
    - RxOptional
    - RxSwift
    - RxTest
    - SnapKit

EXTERNAL SOURCES:
  HyperdrivePlatform:
    :path: Dependencies/Reactant

SPEC CHECKSUMS:
  Differentiator: a87be69eba49ec4ab460c7671143ee3a9eececfd
  HyperdrivePlatform: a50ead3d2e4f4b48c65e14ec8ab9b74c77fbac96
  iOSSnapshotTestCase: 23984ffe05289728d646cbb6a7a10b4fb1c93440
  Kingfisher: 976d828df2b24834c6a3f2fc4d82cdbd26552be1
  Nimble: 2839b01d1b31f6a6a7777a221f0d91cf52e8e27b
  Quick: d17304d58d0d169dd0bd1c6e5c28e3318de32a1a
  Result: d2d07204ce72856f1fd9130bbe42c35a7b0fea10
  RxBlocking: f6054985901412fc8c02daa84e92d4ba68c61389
  RxCocoa: d88ba0f1f6abf040011a9eb4b539324fc426843a
  RxDataSources: cb7c31e652a87ebb919da45f716bbb87b3765f6b
  RxNimble: e5a34bf3b18d85406fc2a6e2cbc73aa2b4a858f0
  RxOptional: fabc37fc8e3cf4c336ebaeb5c92b576c64b2e6c5
  RxSwift: e49536837d9901277638493ea537394d4b55f570
  RxTest: e634f15fd2c2cd0e0120132ef7a4f7be69ad0393
  SnapKit: a42d492c16e80209130a3379f73596c3454b7694

PODFILE CHECKSUM: eb9d736085b14cefa328546a29f083b21c0d2705

COCOAPODS: 1.7.0
