PODS:
  - Differentiator (3.0.2)
  - Kingfisher (4.8.0)
  - Nimble (7.0.3)
  - Quick (1.2.0)
  - Reactant (1.2.0):
    - Reactant/Core (= 1.2.0)
    - Reactant/Result (= 1.2.0)
  - Reactant/Configuration (1.2.0)
  - Reactant/Core (1.2.0):
    - Reactant/Configuration
    - RxCocoa (~> 4.0)
    - RxOptional (~> 3.0)
    - RxSwift (~> 4.0)
    - SnapKit (~> 4.0)
  - Reactant/FallbackSafeAreaInsets (1.2.0):
    - Reactant/Core
  - Reactant/Result (1.2.0):
    - Result (~> 3.0)
    - RxOptional (~> 3.0)
    - RxSwift (~> 4.0)
  - Reactant/TableView (1.2.0):
    - Reactant/Core
    - RxCocoa (~> 4.0)
    - RxDataSources (~> 3.0)
  - Result (3.2.4)
  - RxBlocking (4.1.2):
    - RxSwift (~> 4.0)
  - RxCocoa (4.1.2):
    - RxSwift (~> 4.0)
  - RxDataSources (3.0.2):
    - Differentiator (~> 3.0)
    - RxCocoa (~> 4.0)
    - RxSwift (~> 4.0)
  - RxNimble (4.1.0):
    - Nimble (~> 7.0)
    - RxBlocking (~> 4.0)
    - RxSwift (~> 4.0)
  - RxOptional (3.4.0):
    - RxCocoa (~> 4.0)
    - RxSwift (~> 4.0)
  - RxSwift (4.1.2)
  - RxTest (4.1.2):
    - RxSwift (~> 4.0)
  - SnapKit (4.0.0)

DEPENDENCIES:
  - Kingfisher (~> 4.0)
  - Nimble (~> 7.0)
  - Quick (~> 1.1)
  - Reactant (from `../Reactant`)
  - Reactant/FallbackSafeAreaInsets (from `../Reactant`)
  - Reactant/TableView (from `../Reactant`)
  - Result (~> 3.0)
  - RxCocoa (~> 4.0)
  - RxDataSources (~> 3.0)
  - RxNimble
  - RxOptional (~> 3.0)
  - RxSwift (~> 4.0)
  - RxTest
  - SnapKit (~> 4.0)

SPEC REPOS:
  https://github.com/cocoapods/specs.git:
    - Differentiator
    - Kingfisher
    - Nimble
    - Quick
    - Result
    - RxBlocking
    - RxCocoa
    - RxDataSources
    - RxNimble
    - RxOptional
    - RxSwift
    - RxTest
    - SnapKit

EXTERNAL SOURCES:
  Reactant:
    :path: "../Reactant"

SPEC CHECKSUMS:
  Differentiator: a87be69eba49ec4ab460c7671143ee3a9eececfd
  Kingfisher: 976d828df2b24834c6a3f2fc4d82cdbd26552be1
  Nimble: 7f5a9c447a33002645a071bddafbfb24ea70e0ac
  Quick: 58d203b1c5e27fff7229c4c1ae445ad7069a7a08
  Reactant: 13fcb82686441114f2c5dfc82d6993b2ae1688b7
  Result: d2d07204ce72856f1fd9130bbe42c35a7b0fea10
  RxBlocking: f6054985901412fc8c02daa84e92d4ba68c61389
  RxCocoa: d88ba0f1f6abf040011a9eb4b539324fc426843a
  RxDataSources: cb7c31e652a87ebb919da45f716bbb87b3765f6b
  RxNimble: e5a34bf3b18d85406fc2a6e2cbc73aa2b4a858f0
  RxOptional: fabc37fc8e3cf4c336ebaeb5c92b576c64b2e6c5
  RxSwift: e49536837d9901277638493ea537394d4b55f570
  RxTest: e634f15fd2c2cd0e0120132ef7a4f7be69ad0393
  SnapKit: a42d492c16e80209130a3379f73596c3454b7694

PODFILE CHECKSUM: 6df853ab16a9fdfc35d933fbfe6cb94530be326c

COCOAPODS: 1.5.3
