// !$*UTF8*$!
{
	archiveVersion = 1;
	classes = {
	};
	objectVersion = 46;
	objects = {

/* Begin PBXBuildFile section */
		OBJ_156 /* Array+File.swift in Sources */ = {isa = PBXBuildFile; fileRef = OBJ_113 /* Array+File.swift */; };
		OBJ_157 /* ArrayFile.swift in Sources */ = {isa = PBXBuildFile; fileRef = OBJ_114 /* ArrayFile.swift */; };
		OBJ_158 /* Bundle+FileKit.swift in Sources */ = {isa = PBXBuildFile; fileRef = OBJ_115 /* Bundle+FileKit.swift */; };
		OBJ_159 /* Data+FileKit.swift in Sources */ = {isa = PBXBuildFile; fileRef = OBJ_116 /* Data+FileKit.swift */; };
		OBJ_160 /* DataFile.swift in Sources */ = {isa = PBXBuildFile; fileRef = OBJ_117 /* DataFile.swift */; };
		OBJ_161 /* DataType.swift in Sources */ = {isa = PBXBuildFile; fileRef = OBJ_118 /* DataType.swift */; };
		OBJ_162 /* Dictionary+File.swift in Sources */ = {isa = PBXBuildFile; fileRef = OBJ_119 /* Dictionary+File.swift */; };
		OBJ_163 /* DictionaryFile.swift in Sources */ = {isa = PBXBuildFile; fileRef = OBJ_120 /* DictionaryFile.swift */; };
		OBJ_164 /* DirectoryEnumerator.swift in Sources */ = {isa = PBXBuildFile; fileRef = OBJ_121 /* DirectoryEnumerator.swift */; };
		OBJ_165 /* DispatchEvent.swift in Sources */ = {isa = PBXBuildFile; fileRef = OBJ_122 /* DispatchEvent.swift */; };
		OBJ_166 /* DispatchWatcher.swift in Sources */ = {isa = PBXBuildFile; fileRef = OBJ_123 /* DispatchWatcher.swift */; };
		OBJ_167 /* File.swift in Sources */ = {isa = PBXBuildFile; fileRef = OBJ_124 /* File.swift */; };
		OBJ_168 /* FileKit.swift in Sources */ = {isa = PBXBuildFile; fileRef = OBJ_125 /* FileKit.swift */; };
		OBJ_169 /* FileKitError.swift in Sources */ = {isa = PBXBuildFile; fileRef = OBJ_126 /* FileKitError.swift */; };
		OBJ_170 /* FilePermissions.swift in Sources */ = {isa = PBXBuildFile; fileRef = OBJ_127 /* FilePermissions.swift */; };
		OBJ_171 /* FileProtection.swift in Sources */ = {isa = PBXBuildFile; fileRef = OBJ_128 /* FileProtection.swift */; };
		OBJ_172 /* FileSystemEvent.swift in Sources */ = {isa = PBXBuildFile; fileRef = OBJ_129 /* FileSystemEvent.swift */; };
		OBJ_173 /* FileSystemEventStream.swift in Sources */ = {isa = PBXBuildFile; fileRef = OBJ_130 /* FileSystemEventStream.swift */; };
		OBJ_174 /* FileSystemWatcher.swift in Sources */ = {isa = PBXBuildFile; fileRef = OBJ_131 /* FileSystemWatcher.swift */; };
		OBJ_175 /* FileType.swift in Sources */ = {isa = PBXBuildFile; fileRef = OBJ_132 /* FileType.swift */; };
		OBJ_176 /* Image+FileKit.swift in Sources */ = {isa = PBXBuildFile; fileRef = OBJ_133 /* Image+FileKit.swift */; };
		OBJ_177 /* ImageFile.swift in Sources */ = {isa = PBXBuildFile; fileRef = OBJ_134 /* ImageFile.swift */; };
		OBJ_178 /* NSArray+FileKit.swift in Sources */ = {isa = PBXBuildFile; fileRef = OBJ_135 /* NSArray+FileKit.swift */; };
		OBJ_179 /* NSData+FileKit.swift in Sources */ = {isa = PBXBuildFile; fileRef = OBJ_136 /* NSData+FileKit.swift */; };
		OBJ_180 /* NSDataFile.swift in Sources */ = {isa = PBXBuildFile; fileRef = OBJ_137 /* NSDataFile.swift */; };
		OBJ_181 /* NSDictionary+FileKit.swift in Sources */ = {isa = PBXBuildFile; fileRef = OBJ_138 /* NSDictionary+FileKit.swift */; };
		OBJ_182 /* NSString+FileKit.swift in Sources */ = {isa = PBXBuildFile; fileRef = OBJ_139 /* NSString+FileKit.swift */; };
		OBJ_183 /* Operators.swift in Sources */ = {isa = PBXBuildFile; fileRef = OBJ_140 /* Operators.swift */; };
		OBJ_184 /* Path.swift in Sources */ = {isa = PBXBuildFile; fileRef = OBJ_141 /* Path.swift */; };
		OBJ_185 /* Process+FileKit.swift in Sources */ = {isa = PBXBuildFile; fileRef = OBJ_142 /* Process+FileKit.swift */; };
		OBJ_186 /* RelativePathType.swift in Sources */ = {isa = PBXBuildFile; fileRef = OBJ_143 /* RelativePathType.swift */; };
		OBJ_187 /* String+FileKit.swift in Sources */ = {isa = PBXBuildFile; fileRef = OBJ_144 /* String+FileKit.swift */; };
		OBJ_188 /* TextFile.swift in Sources */ = {isa = PBXBuildFile; fileRef = OBJ_145 /* TextFile.swift */; };
		OBJ_195 /* Generator.swift in Sources */ = {isa = PBXBuildFile; fileRef = OBJ_9 /* Generator.swift */; };
		OBJ_196 /* StyleGenerator.swift in Sources */ = {isa = PBXBuildFile; fileRef = OBJ_10 /* StyleGenerator.swift */; };
		OBJ_198 /* FileKit.framework in Frameworks */ = {isa = PBXBuildFile; fileRef = OBJ_147 /* FileKit.framework */; };
		OBJ_199 /* Tokenizer.framework in Frameworks */ = {isa = PBXBuildFile; fileRef = OBJ_150 /* Tokenizer.framework */; };
		OBJ_208 /* main.swift in Sources */ = {isa = PBXBuildFile; fileRef = OBJ_12 /* main.swift */; };
		OBJ_210 /* FileKit.framework in Frameworks */ = {isa = PBXBuildFile; fileRef = OBJ_147 /* FileKit.framework */; };
		OBJ_211 /* Tokenizer.framework in Frameworks */ = {isa = PBXBuildFile; fileRef = OBJ_150 /* Tokenizer.framework */; };
		OBJ_212 /* Generator.framework in Frameworks */ = {isa = PBXBuildFile; fileRef = OBJ_148 /* Generator.framework */; };
		OBJ_220 /* Assignable.swift in Sources */ = {isa = PBXBuildFile; fileRef = OBJ_14 /* Assignable.swift */; };
		OBJ_221 /* UIContainer.swift in Sources */ = {isa = PBXBuildFile; fileRef = OBJ_15 /* UIContainer.swift */; };
		OBJ_222 /* UIElement.swift in Sources */ = {isa = PBXBuildFile; fileRef = OBJ_16 /* UIElement.swift */; };
		OBJ_223 /* ActivityIndicatorElement.swift in Sources */ = {isa = PBXBuildFile; fileRef = OBJ_18 /* ActivityIndicatorElement.swift */; };
		OBJ_224 /* Button.swift in Sources */ = {isa = PBXBuildFile; fileRef = OBJ_19 /* Button.swift */; };
		OBJ_225 /* ComponentReference.swift in Sources */ = {isa = PBXBuildFile; fileRef = OBJ_20 /* ComponentReference.swift */; };
		OBJ_226 /* Container.swift in Sources */ = {isa = PBXBuildFile; fileRef = OBJ_21 /* Container.swift */; };
		OBJ_227 /* DatePicker.swift in Sources */ = {isa = PBXBuildFile; fileRef = OBJ_22 /* DatePicker.swift */; };
		OBJ_228 /* Element+Root.swift in Sources */ = {isa = PBXBuildFile; fileRef = OBJ_23 /* Element+Root.swift */; };
		OBJ_229 /* Element.swift in Sources */ = {isa = PBXBuildFile; fileRef = OBJ_24 /* Element.swift */; };
		OBJ_230 /* ImageView.swift in Sources */ = {isa = PBXBuildFile; fileRef = OBJ_25 /* ImageView.swift */; };
		OBJ_231 /* Label.swift in Sources */ = {isa = PBXBuildFile; fileRef = OBJ_26 /* Label.swift */; };
		OBJ_232 /* MapView.swift in Sources */ = {isa = PBXBuildFile; fileRef = OBJ_27 /* MapView.swift */; };
		OBJ_233 /* NavigationBar.swift in Sources */ = {isa = PBXBuildFile; fileRef = OBJ_28 /* NavigationBar.swift */; };
		OBJ_234 /* PageControl.swift in Sources */ = {isa = PBXBuildFile; fileRef = OBJ_29 /* PageControl.swift */; };
		OBJ_235 /* PickerView.swift in Sources */ = {isa = PBXBuildFile; fileRef = OBJ_30 /* PickerView.swift */; };
		OBJ_236 /* PlainTableView.swift in Sources */ = {isa = PBXBuildFile; fileRef = OBJ_31 /* PlainTableView.swift */; };
		OBJ_237 /* ScrollView.swift in Sources */ = {isa = PBXBuildFile; fileRef = OBJ_32 /* ScrollView.swift */; };
		OBJ_238 /* SearchBar.swift in Sources */ = {isa = PBXBuildFile; fileRef = OBJ_33 /* SearchBar.swift */; };
		OBJ_239 /* SegmentedControl.swift in Sources */ = {isa = PBXBuildFile; fileRef = OBJ_34 /* SegmentedControl.swift */; };
		OBJ_240 /* Slider.swift in Sources */ = {isa = PBXBuildFile; fileRef = OBJ_35 /* Slider.swift */; };
		OBJ_241 /* StackView.swift in Sources */ = {isa = PBXBuildFile; fileRef = OBJ_36 /* StackView.swift */; };
		OBJ_242 /* Stepper.swift in Sources */ = {isa = PBXBuildFile; fileRef = OBJ_37 /* Stepper.swift */; };
		OBJ_243 /* Switch.swift in Sources */ = {isa = PBXBuildFile; fileRef = OBJ_38 /* Switch.swift */; };
		OBJ_244 /* TabBar.swift in Sources */ = {isa = PBXBuildFile; fileRef = OBJ_39 /* TabBar.swift */; };
		OBJ_245 /* TableView.swift in Sources */ = {isa = PBXBuildFile; fileRef = OBJ_40 /* TableView.swift */; };
		OBJ_246 /* TextField.swift in Sources */ = {isa = PBXBuildFile; fileRef = OBJ_41 /* TextField.swift */; };
		OBJ_247 /* TextView.swift in Sources */ = {isa = PBXBuildFile; fileRef = OBJ_42 /* TextView.swift */; };
		OBJ_248 /* Toolbar.swift in Sources */ = {isa = PBXBuildFile; fileRef = OBJ_43 /* Toolbar.swift */; };
		OBJ_249 /* View.swift in Sources */ = {isa = PBXBuildFile; fileRef = OBJ_44 /* View.swift */; };
		OBJ_250 /* VisualEffectView.swift in Sources */ = {isa = PBXBuildFile; fileRef = OBJ_45 /* VisualEffectView.swift */; };
		OBJ_251 /* WebView.swift in Sources */ = {isa = PBXBuildFile; fileRef = OBJ_46 /* WebView.swift */; };
		OBJ_252 /* Constraint.swift in Sources */ = {isa = PBXBuildFile; fileRef = OBJ_48 /* Constraint.swift */; };
		OBJ_253 /* ConstraintModifier.swift in Sources */ = {isa = PBXBuildFile; fileRef = OBJ_49 /* ConstraintModifier.swift */; };
		OBJ_254 /* ConstraintParser.swift in Sources */ = {isa = PBXBuildFile; fileRef = OBJ_50 /* ConstraintParser.swift */; };
		OBJ_255 /* ConstraintPriority.swift in Sources */ = {isa = PBXBuildFile; fileRef = OBJ_51 /* ConstraintPriority.swift */; };
		OBJ_256 /* ConstraintRelation.swift in Sources */ = {isa = PBXBuildFile; fileRef = OBJ_52 /* ConstraintRelation.swift */; };
		OBJ_257 /* Layout.swift in Sources */ = {isa = PBXBuildFile; fileRef = OBJ_53 /* Layout.swift */; };
		OBJ_258 /* LayoutAnchor.swift in Sources */ = {isa = PBXBuildFile; fileRef = OBJ_54 /* LayoutAnchor.swift */; };
		OBJ_259 /* LayoutAttribute.swift in Sources */ = {isa = PBXBuildFile; fileRef = OBJ_55 /* LayoutAttribute.swift */; };
		OBJ_260 /* AssignablePropertyDescription.swift in Sources */ = {isa = PBXBuildFile; fileRef = OBJ_57 /* AssignablePropertyDescription.swift */; };
		OBJ_261 /* ControlStatePropertyDescription.swift in Sources */ = {isa = PBXBuildFile; fileRef = OBJ_58 /* ControlStatePropertyDescription.swift */; };
		OBJ_262 /* NestedPropertyDescription.swift in Sources */ = {isa = PBXBuildFile; fileRef = OBJ_59 /* NestedPropertyDescription.swift */; };
		OBJ_263 /* Property.swift in Sources */ = {isa = PBXBuildFile; fileRef = OBJ_60 /* Property.swift */; };
		OBJ_264 /* PropertyDescription.swift in Sources */ = {isa = PBXBuildFile; fileRef = OBJ_61 /* PropertyDescription.swift */; };
		OBJ_265 /* Style.swift in Sources */ = {isa = PBXBuildFile; fileRef = OBJ_63 /* Style.swift */; };
		OBJ_266 /* StyleContainer.swift in Sources */ = {isa = PBXBuildFile; fileRef = OBJ_64 /* StyleContainer.swift */; };
		OBJ_267 /* StyleGroup.swift in Sources */ = {isa = PBXBuildFile; fileRef = OBJ_65 /* StyleGroup.swift */; };
		OBJ_268 /* SupportedPropertyType.swift in Sources */ = {isa = PBXBuildFile; fileRef = OBJ_66 /* SupportedPropertyType.swift */; };
		OBJ_269 /* SupportedPropertyValue.swift in Sources */ = {isa = PBXBuildFile; fileRef = OBJ_67 /* SupportedPropertyValue.swift */; };
		OBJ_270 /* SWXMLHash+TypeConversion.swift in Sources */ = {isa = PBXBuildFile; fileRef = OBJ_97 /* SWXMLHash+TypeConversion.swift */; };
		OBJ_271 /* SWXMLHash.swift in Sources */ = {isa = PBXBuildFile; fileRef = OBJ_98 /* SWXMLHash.swift */; };
		OBJ_272 /* ComponentPath.swift in Sources */ = {isa = PBXBuildFile; fileRef = OBJ_100 /* ComponentPath.swift */; };
		OBJ_273 /* Dictionary+Merge.swift in Sources */ = {isa = PBXBuildFile; fileRef = OBJ_101 /* Dictionary+Merge.swift */; };
		OBJ_274 /* Float+CGFloat.swift in Sources */ = {isa = PBXBuildFile; fileRef = OBJ_102 /* Float+CGFloat.swift */; };
		OBJ_275 /* Lexer.swift in Sources */ = {isa = PBXBuildFile; fileRef = OBJ_103 /* Lexer.swift */; };
		OBJ_276 /* StringUtils.swift in Sources */ = {isa = PBXBuildFile; fileRef = OBJ_104 /* StringUtils.swift */; };
		OBJ_277 /* TokenizationError.swift in Sources */ = {isa = PBXBuildFile; fileRef = OBJ_105 /* TokenizationError.swift */; };
		OBJ_278 /* ActivityIndicatorStyle.swift in Sources */ = {isa = PBXBuildFile; fileRef = OBJ_69 /* ActivityIndicatorStyle.swift */; };
		OBJ_279 /* Applicable.swift in Sources */ = {isa = PBXBuildFile; fileRef = OBJ_70 /* Applicable.swift */; };
		OBJ_280 /* BarStyle.swift in Sources */ = {isa = PBXBuildFile; fileRef = OBJ_71 /* BarStyle.swift */; };
		OBJ_281 /* Color+Names.swift in Sources */ = {isa = PBXBuildFile; fileRef = OBJ_72 /* Color+Names.swift */; };
		OBJ_282 /* Color.swift in Sources */ = {isa = PBXBuildFile; fileRef = OBJ_73 /* Color.swift */; };
		OBJ_283 /* ContentMode.swift in Sources */ = {isa = PBXBuildFile; fileRef = OBJ_74 /* ContentMode.swift */; };
		OBJ_284 /* ControlState.swift in Sources */ = {isa = PBXBuildFile; fileRef = OBJ_75 /* ControlState.swift */; };
		OBJ_285 /* DatePickerMode.swift in Sources */ = {isa = PBXBuildFile; fileRef = OBJ_76 /* DatePickerMode.swift */; };
		OBJ_286 /* EdgeInsets.swift in Sources */ = {isa = PBXBuildFile; fileRef = OBJ_77 /* EdgeInsets.swift */; };
		OBJ_287 /* Font.swift in Sources */ = {isa = PBXBuildFile; fileRef = OBJ_78 /* Font.swift */; };
		OBJ_288 /* LayoutAlignment.swift in Sources */ = {isa = PBXBuildFile; fileRef = OBJ_79 /* LayoutAlignment.swift */; };
		OBJ_289 /* LayoutDistribution.swift in Sources */ = {isa = PBXBuildFile; fileRef = OBJ_80 /* LayoutDistribution.swift */; };
		OBJ_290 /* LineBreakMode.swift in Sources */ = {isa = PBXBuildFile; fileRef = OBJ_81 /* LineBreakMode.swift */; };
		OBJ_291 /* MapType.swift in Sources */ = {isa = PBXBuildFile; fileRef = OBJ_82 /* MapType.swift */; };
		OBJ_292 /* OptionSetValue.swift in Sources */ = {isa = PBXBuildFile; fileRef = OBJ_83 /* OptionSetValue.swift */; };
		OBJ_293 /* Point.swift in Sources */ = {isa = PBXBuildFile; fileRef = OBJ_84 /* Point.swift */; };
		OBJ_294 /* Rect.swift in Sources */ = {isa = PBXBuildFile; fileRef = OBJ_85 /* Rect.swift */; };
		OBJ_295 /* RectEdge.swift in Sources */ = {isa = PBXBuildFile; fileRef = OBJ_86 /* RectEdge.swift */; };
		OBJ_296 /* ScrollViewIndicatorStyle.swift in Sources */ = {isa = PBXBuildFile; fileRef = OBJ_87 /* ScrollViewIndicatorStyle.swift */; };
		OBJ_297 /* SearchBarStyle.swift in Sources */ = {isa = PBXBuildFile; fileRef = OBJ_88 /* SearchBarStyle.swift */; };
		OBJ_298 /* Size.swift in Sources */ = {isa = PBXBuildFile; fileRef = OBJ_89 /* Size.swift */; };
		OBJ_299 /* SystemFontWeight.swift in Sources */ = {isa = PBXBuildFile; fileRef = OBJ_90 /* SystemFontWeight.swift */; };
		OBJ_300 /* TextAlignment.swift in Sources */ = {isa = PBXBuildFile; fileRef = OBJ_91 /* TextAlignment.swift */; };
		OBJ_301 /* TextBorderStyle.swift in Sources */ = {isa = PBXBuildFile; fileRef = OBJ_92 /* TextBorderStyle.swift */; };
		OBJ_302 /* TextFieldViewMode.swift in Sources */ = {isa = PBXBuildFile; fileRef = OBJ_93 /* TextFieldViewMode.swift */; };
		OBJ_303 /* ViewVisibility.swift in Sources */ = {isa = PBXBuildFile; fileRef = OBJ_94 /* ViewVisibility.swift */; };
		OBJ_304 /* VisualEffect.swift in Sources */ = {isa = PBXBuildFile; fileRef = OBJ_95 /* VisualEffect.swift */; };
		OBJ_306 /* FileKit.framework in Frameworks */ = {isa = PBXBuildFile; fileRef = OBJ_147 /* FileKit.framework */; };
/* End PBXBuildFile section */

/* Begin PBXContainerItemProxy section */
		2249DC7E1EDDC8870096AEAF /* PBXContainerItemProxy */ = {
			isa = PBXContainerItemProxy;
			containerPortal = OBJ_1 /* Project object */;
			proxyType = 1;
			remoteGlobalIDString = OBJ_151;
			remoteInfo = FileKit;
		};
		2249DC7F1EDDC8870096AEAF /* PBXContainerItemProxy */ = {
			isa = PBXContainerItemProxy;
			containerPortal = OBJ_1 /* Project object */;
			proxyType = 1;
			remoteGlobalIDString = OBJ_202;
			remoteInfo = Tokenizer;
		};
		2249DC801EDDC8870096AEAF /* PBXContainerItemProxy */ = {
			isa = PBXContainerItemProxy;
			containerPortal = OBJ_1 /* Project object */;
			proxyType = 1;
			remoteGlobalIDString = OBJ_151;
			remoteInfo = FileKit;
		};
		2249DC811EDDC8870096AEAF /* PBXContainerItemProxy */ = {
			isa = PBXContainerItemProxy;
			containerPortal = OBJ_1 /* Project object */;
			proxyType = 1;
			remoteGlobalIDString = OBJ_151;
			remoteInfo = FileKit;
		};
		2249DC821EDDC8870096AEAF /* PBXContainerItemProxy */ = {
			isa = PBXContainerItemProxy;
			containerPortal = OBJ_1 /* Project object */;
			proxyType = 1;
			remoteGlobalIDString = OBJ_202;
			remoteInfo = Tokenizer;
		};
		2249DC831EDDC8870096AEAF /* PBXContainerItemProxy */ = {
			isa = PBXContainerItemProxy;
			containerPortal = OBJ_1 /* Project object */;
			proxyType = 1;
			remoteGlobalIDString = OBJ_190;
			remoteInfo = Generator;
		};
/* End PBXContainerItemProxy section */

/* Begin PBXFileReference section */
		OBJ_10 /* StyleGenerator.swift */ = {isa = PBXFileReference; lastKnownFileType = sourcecode.swift; path = StyleGenerator.swift; sourceTree = "<group>"; };
		OBJ_100 /* ComponentPath.swift */ = {isa = PBXFileReference; lastKnownFileType = sourcecode.swift; path = ComponentPath.swift; sourceTree = "<group>"; };
		OBJ_101 /* Dictionary+Merge.swift */ = {isa = PBXFileReference; lastKnownFileType = sourcecode.swift; path = "Dictionary+Merge.swift"; sourceTree = "<group>"; };
		OBJ_102 /* Float+CGFloat.swift */ = {isa = PBXFileReference; lastKnownFileType = sourcecode.swift; path = "Float+CGFloat.swift"; sourceTree = "<group>"; };
		OBJ_103 /* Lexer.swift */ = {isa = PBXFileReference; lastKnownFileType = sourcecode.swift; path = Lexer.swift; sourceTree = "<group>"; };
		OBJ_104 /* StringUtils.swift */ = {isa = PBXFileReference; lastKnownFileType = sourcecode.swift; path = StringUtils.swift; sourceTree = "<group>"; };
		OBJ_105 /* TokenizationError.swift */ = {isa = PBXFileReference; lastKnownFileType = sourcecode.swift; path = TokenizationError.swift; sourceTree = "<group>"; };
		OBJ_107 /* Example */ = {isa = PBXFileReference; lastKnownFileType = folder; path = Example; sourceTree = SOURCE_ROOT; };
		OBJ_108 /* Pods */ = {isa = PBXFileReference; lastKnownFileType = folder; path = Pods; sourceTree = SOURCE_ROOT; };
		OBJ_109 /* ReactantUI.xcworkspace */ = {isa = PBXFileReference; lastKnownFileType = wrapper.workspace; path = ReactantUI.xcworkspace; sourceTree = SOURCE_ROOT; };
		OBJ_110 /* ReactantUIGenerator */ = {isa = PBXFileReference; lastKnownFileType = folder; path = ReactantUIGenerator; sourceTree = SOURCE_ROOT; };
		OBJ_113 /* Array+File.swift */ = {isa = PBXFileReference; lastKnownFileType = sourcecode.swift; path = "Array+File.swift"; sourceTree = "<group>"; };
		OBJ_114 /* ArrayFile.swift */ = {isa = PBXFileReference; lastKnownFileType = sourcecode.swift; path = ArrayFile.swift; sourceTree = "<group>"; };
		OBJ_115 /* Bundle+FileKit.swift */ = {isa = PBXFileReference; lastKnownFileType = sourcecode.swift; path = "Bundle+FileKit.swift"; sourceTree = "<group>"; };
		OBJ_116 /* Data+FileKit.swift */ = {isa = PBXFileReference; lastKnownFileType = sourcecode.swift; path = "Data+FileKit.swift"; sourceTree = "<group>"; };
		OBJ_117 /* DataFile.swift */ = {isa = PBXFileReference; lastKnownFileType = sourcecode.swift; path = DataFile.swift; sourceTree = "<group>"; };
		OBJ_118 /* DataType.swift */ = {isa = PBXFileReference; lastKnownFileType = sourcecode.swift; path = DataType.swift; sourceTree = "<group>"; };
		OBJ_119 /* Dictionary+File.swift */ = {isa = PBXFileReference; lastKnownFileType = sourcecode.swift; path = "Dictionary+File.swift"; sourceTree = "<group>"; };
		OBJ_12 /* main.swift */ = {isa = PBXFileReference; lastKnownFileType = sourcecode.swift; path = main.swift; sourceTree = "<group>"; };
		OBJ_120 /* DictionaryFile.swift */ = {isa = PBXFileReference; lastKnownFileType = sourcecode.swift; path = DictionaryFile.swift; sourceTree = "<group>"; };
		OBJ_121 /* DirectoryEnumerator.swift */ = {isa = PBXFileReference; lastKnownFileType = sourcecode.swift; path = DirectoryEnumerator.swift; sourceTree = "<group>"; };
		OBJ_122 /* DispatchEvent.swift */ = {isa = PBXFileReference; lastKnownFileType = sourcecode.swift; path = DispatchEvent.swift; sourceTree = "<group>"; };
		OBJ_123 /* DispatchWatcher.swift */ = {isa = PBXFileReference; lastKnownFileType = sourcecode.swift; path = DispatchWatcher.swift; sourceTree = "<group>"; };
		OBJ_124 /* File.swift */ = {isa = PBXFileReference; lastKnownFileType = sourcecode.swift; path = File.swift; sourceTree = "<group>"; };
		OBJ_125 /* FileKit.swift */ = {isa = PBXFileReference; lastKnownFileType = sourcecode.swift; path = FileKit.swift; sourceTree = "<group>"; };
		OBJ_126 /* FileKitError.swift */ = {isa = PBXFileReference; lastKnownFileType = sourcecode.swift; path = FileKitError.swift; sourceTree = "<group>"; };
		OBJ_127 /* FilePermissions.swift */ = {isa = PBXFileReference; lastKnownFileType = sourcecode.swift; path = FilePermissions.swift; sourceTree = "<group>"; };
		OBJ_128 /* FileProtection.swift */ = {isa = PBXFileReference; lastKnownFileType = sourcecode.swift; path = FileProtection.swift; sourceTree = "<group>"; };
		OBJ_129 /* FileSystemEvent.swift */ = {isa = PBXFileReference; lastKnownFileType = sourcecode.swift; path = FileSystemEvent.swift; sourceTree = "<group>"; };
		OBJ_130 /* FileSystemEventStream.swift */ = {isa = PBXFileReference; lastKnownFileType = sourcecode.swift; path = FileSystemEventStream.swift; sourceTree = "<group>"; };
		OBJ_131 /* FileSystemWatcher.swift */ = {isa = PBXFileReference; lastKnownFileType = sourcecode.swift; path = FileSystemWatcher.swift; sourceTree = "<group>"; };
		OBJ_132 /* FileType.swift */ = {isa = PBXFileReference; lastKnownFileType = sourcecode.swift; path = FileType.swift; sourceTree = "<group>"; };
		OBJ_133 /* Image+FileKit.swift */ = {isa = PBXFileReference; lastKnownFileType = sourcecode.swift; path = "Image+FileKit.swift"; sourceTree = "<group>"; };
		OBJ_134 /* ImageFile.swift */ = {isa = PBXFileReference; lastKnownFileType = sourcecode.swift; path = ImageFile.swift; sourceTree = "<group>"; };
		OBJ_135 /* NSArray+FileKit.swift */ = {isa = PBXFileReference; lastKnownFileType = sourcecode.swift; path = "NSArray+FileKit.swift"; sourceTree = "<group>"; };
		OBJ_136 /* NSData+FileKit.swift */ = {isa = PBXFileReference; lastKnownFileType = sourcecode.swift; path = "NSData+FileKit.swift"; sourceTree = "<group>"; };
		OBJ_137 /* NSDataFile.swift */ = {isa = PBXFileReference; lastKnownFileType = sourcecode.swift; path = NSDataFile.swift; sourceTree = "<group>"; };
		OBJ_138 /* NSDictionary+FileKit.swift */ = {isa = PBXFileReference; lastKnownFileType = sourcecode.swift; path = "NSDictionary+FileKit.swift"; sourceTree = "<group>"; };
		OBJ_139 /* NSString+FileKit.swift */ = {isa = PBXFileReference; lastKnownFileType = sourcecode.swift; path = "NSString+FileKit.swift"; sourceTree = "<group>"; };
		OBJ_14 /* Assignable.swift */ = {isa = PBXFileReference; lastKnownFileType = sourcecode.swift; path = Assignable.swift; sourceTree = "<group>"; };
		OBJ_140 /* Operators.swift */ = {isa = PBXFileReference; lastKnownFileType = sourcecode.swift; path = Operators.swift; sourceTree = "<group>"; };
		OBJ_141 /* Path.swift */ = {isa = PBXFileReference; lastKnownFileType = sourcecode.swift; path = Path.swift; sourceTree = "<group>"; };
		OBJ_142 /* Process+FileKit.swift */ = {isa = PBXFileReference; lastKnownFileType = sourcecode.swift; path = "Process+FileKit.swift"; sourceTree = "<group>"; };
		OBJ_143 /* RelativePathType.swift */ = {isa = PBXFileReference; lastKnownFileType = sourcecode.swift; path = RelativePathType.swift; sourceTree = "<group>"; };
		OBJ_144 /* String+FileKit.swift */ = {isa = PBXFileReference; lastKnownFileType = sourcecode.swift; path = "String+FileKit.swift"; sourceTree = "<group>"; };
		OBJ_145 /* TextFile.swift */ = {isa = PBXFileReference; lastKnownFileType = sourcecode.swift; path = TextFile.swift; sourceTree = "<group>"; };
		OBJ_147 /* FileKit.framework */ = {isa = PBXFileReference; explicitFileType = wrapper.framework; path = FileKit.framework; sourceTree = BUILT_PRODUCTS_DIR; };
		OBJ_148 /* Generator.framework */ = {isa = PBXFileReference; explicitFileType = wrapper.framework; path = Generator.framework; sourceTree = BUILT_PRODUCTS_DIR; };
		OBJ_149 /* reactant-ui */ = {isa = PBXFileReference; lastKnownFileType = text; path = "reactant-ui"; sourceTree = BUILT_PRODUCTS_DIR; };
		OBJ_15 /* UIContainer.swift */ = {isa = PBXFileReference; lastKnownFileType = sourcecode.swift; path = UIContainer.swift; sourceTree = "<group>"; };
		OBJ_150 /* Tokenizer.framework */ = {isa = PBXFileReference; explicitFileType = wrapper.framework; path = Tokenizer.framework; sourceTree = BUILT_PRODUCTS_DIR; };
		OBJ_16 /* UIElement.swift */ = {isa = PBXFileReference; lastKnownFileType = sourcecode.swift; path = UIElement.swift; sourceTree = "<group>"; };
		OBJ_18 /* ActivityIndicatorElement.swift */ = {isa = PBXFileReference; lastKnownFileType = sourcecode.swift; path = ActivityIndicatorElement.swift; sourceTree = "<group>"; };
		OBJ_19 /* Button.swift */ = {isa = PBXFileReference; lastKnownFileType = sourcecode.swift; path = Button.swift; sourceTree = "<group>"; };
		OBJ_20 /* ComponentReference.swift */ = {isa = PBXFileReference; lastKnownFileType = sourcecode.swift; path = ComponentReference.swift; sourceTree = "<group>"; };
		OBJ_21 /* Container.swift */ = {isa = PBXFileReference; lastKnownFileType = sourcecode.swift; path = Container.swift; sourceTree = "<group>"; };
		OBJ_22 /* DatePicker.swift */ = {isa = PBXFileReference; lastKnownFileType = sourcecode.swift; path = DatePicker.swift; sourceTree = "<group>"; };
		OBJ_23 /* Element+Root.swift */ = {isa = PBXFileReference; lastKnownFileType = sourcecode.swift; path = "Element+Root.swift"; sourceTree = "<group>"; };
		OBJ_24 /* Element.swift */ = {isa = PBXFileReference; lastKnownFileType = sourcecode.swift; path = Element.swift; sourceTree = "<group>"; };
		OBJ_25 /* ImageView.swift */ = {isa = PBXFileReference; lastKnownFileType = sourcecode.swift; path = ImageView.swift; sourceTree = "<group>"; };
		OBJ_26 /* Label.swift */ = {isa = PBXFileReference; lastKnownFileType = sourcecode.swift; path = Label.swift; sourceTree = "<group>"; };
		OBJ_27 /* MapView.swift */ = {isa = PBXFileReference; lastKnownFileType = sourcecode.swift; path = MapView.swift; sourceTree = "<group>"; };
		OBJ_28 /* NavigationBar.swift */ = {isa = PBXFileReference; lastKnownFileType = sourcecode.swift; path = NavigationBar.swift; sourceTree = "<group>"; };
		OBJ_29 /* PageControl.swift */ = {isa = PBXFileReference; lastKnownFileType = sourcecode.swift; path = PageControl.swift; sourceTree = "<group>"; };
		OBJ_30 /* PickerView.swift */ = {isa = PBXFileReference; lastKnownFileType = sourcecode.swift; path = PickerView.swift; sourceTree = "<group>"; };
		OBJ_31 /* PlainTableView.swift */ = {isa = PBXFileReference; lastKnownFileType = sourcecode.swift; path = PlainTableView.swift; sourceTree = "<group>"; };
		OBJ_32 /* ScrollView.swift */ = {isa = PBXFileReference; lastKnownFileType = sourcecode.swift; path = ScrollView.swift; sourceTree = "<group>"; };
		OBJ_33 /* SearchBar.swift */ = {isa = PBXFileReference; lastKnownFileType = sourcecode.swift; path = SearchBar.swift; sourceTree = "<group>"; };
		OBJ_34 /* SegmentedControl.swift */ = {isa = PBXFileReference; lastKnownFileType = sourcecode.swift; path = SegmentedControl.swift; sourceTree = "<group>"; };
		OBJ_35 /* Slider.swift */ = {isa = PBXFileReference; lastKnownFileType = sourcecode.swift; path = Slider.swift; sourceTree = "<group>"; };
		OBJ_36 /* StackView.swift */ = {isa = PBXFileReference; lastKnownFileType = sourcecode.swift; path = StackView.swift; sourceTree = "<group>"; };
		OBJ_37 /* Stepper.swift */ = {isa = PBXFileReference; lastKnownFileType = sourcecode.swift; path = Stepper.swift; sourceTree = "<group>"; };
		OBJ_38 /* Switch.swift */ = {isa = PBXFileReference; lastKnownFileType = sourcecode.swift; path = Switch.swift; sourceTree = "<group>"; };
		OBJ_39 /* TabBar.swift */ = {isa = PBXFileReference; lastKnownFileType = sourcecode.swift; path = TabBar.swift; sourceTree = "<group>"; };
		OBJ_40 /* TableView.swift */ = {isa = PBXFileReference; lastKnownFileType = sourcecode.swift; path = TableView.swift; sourceTree = "<group>"; };
		OBJ_41 /* TextField.swift */ = {isa = PBXFileReference; lastKnownFileType = sourcecode.swift; path = TextField.swift; sourceTree = "<group>"; };
		OBJ_42 /* TextView.swift */ = {isa = PBXFileReference; lastKnownFileType = sourcecode.swift; path = TextView.swift; sourceTree = "<group>"; };
		OBJ_43 /* Toolbar.swift */ = {isa = PBXFileReference; lastKnownFileType = sourcecode.swift; path = Toolbar.swift; sourceTree = "<group>"; };
		OBJ_44 /* View.swift */ = {isa = PBXFileReference; lastKnownFileType = sourcecode.swift; path = View.swift; sourceTree = "<group>"; };
		OBJ_45 /* VisualEffectView.swift */ = {isa = PBXFileReference; lastKnownFileType = sourcecode.swift; path = VisualEffectView.swift; sourceTree = "<group>"; };
		OBJ_46 /* WebView.swift */ = {isa = PBXFileReference; lastKnownFileType = sourcecode.swift; path = WebView.swift; sourceTree = "<group>"; };
		OBJ_48 /* Constraint.swift */ = {isa = PBXFileReference; lastKnownFileType = sourcecode.swift; path = Constraint.swift; sourceTree = "<group>"; };
		OBJ_49 /* ConstraintModifier.swift */ = {isa = PBXFileReference; lastKnownFileType = sourcecode.swift; path = ConstraintModifier.swift; sourceTree = "<group>"; };
		OBJ_50 /* ConstraintParser.swift */ = {isa = PBXFileReference; lastKnownFileType = sourcecode.swift; path = ConstraintParser.swift; sourceTree = "<group>"; };
		OBJ_51 /* ConstraintPriority.swift */ = {isa = PBXFileReference; lastKnownFileType = sourcecode.swift; path = ConstraintPriority.swift; sourceTree = "<group>"; };
		OBJ_52 /* ConstraintRelation.swift */ = {isa = PBXFileReference; lastKnownFileType = sourcecode.swift; path = ConstraintRelation.swift; sourceTree = "<group>"; };
		OBJ_53 /* Layout.swift */ = {isa = PBXFileReference; lastKnownFileType = sourcecode.swift; path = Layout.swift; sourceTree = "<group>"; };
		OBJ_54 /* LayoutAnchor.swift */ = {isa = PBXFileReference; lastKnownFileType = sourcecode.swift; path = LayoutAnchor.swift; sourceTree = "<group>"; };
		OBJ_55 /* LayoutAttribute.swift */ = {isa = PBXFileReference; lastKnownFileType = sourcecode.swift; path = LayoutAttribute.swift; sourceTree = "<group>"; };
		OBJ_57 /* AssignablePropertyDescription.swift */ = {isa = PBXFileReference; lastKnownFileType = sourcecode.swift; path = AssignablePropertyDescription.swift; sourceTree = "<group>"; };
		OBJ_58 /* ControlStatePropertyDescription.swift */ = {isa = PBXFileReference; lastKnownFileType = sourcecode.swift; path = ControlStatePropertyDescription.swift; sourceTree = "<group>"; };
		OBJ_59 /* NestedPropertyDescription.swift */ = {isa = PBXFileReference; lastKnownFileType = sourcecode.swift; path = NestedPropertyDescription.swift; sourceTree = "<group>"; };
		OBJ_6 /* Package.swift */ = {isa = PBXFileReference; explicitFileType = sourcecode.swift; path = Package.swift; sourceTree = "<group>"; };
		OBJ_60 /* Property.swift */ = {isa = PBXFileReference; lastKnownFileType = sourcecode.swift; path = Property.swift; sourceTree = "<group>"; };
		OBJ_61 /* PropertyDescription.swift */ = {isa = PBXFileReference; lastKnownFileType = sourcecode.swift; path = PropertyDescription.swift; sourceTree = "<group>"; };
		OBJ_63 /* Style.swift */ = {isa = PBXFileReference; lastKnownFileType = sourcecode.swift; path = Style.swift; sourceTree = "<group>"; };
		OBJ_64 /* StyleContainer.swift */ = {isa = PBXFileReference; lastKnownFileType = sourcecode.swift; path = StyleContainer.swift; sourceTree = "<group>"; };
		OBJ_65 /* StyleGroup.swift */ = {isa = PBXFileReference; lastKnownFileType = sourcecode.swift; path = StyleGroup.swift; sourceTree = "<group>"; };
		OBJ_66 /* SupportedPropertyType.swift */ = {isa = PBXFileReference; lastKnownFileType = sourcecode.swift; path = SupportedPropertyType.swift; sourceTree = "<group>"; };
		OBJ_67 /* SupportedPropertyValue.swift */ = {isa = PBXFileReference; lastKnownFileType = sourcecode.swift; path = SupportedPropertyValue.swift; sourceTree = "<group>"; };
		OBJ_69 /* ActivityIndicatorStyle.swift */ = {isa = PBXFileReference; lastKnownFileType = sourcecode.swift; path = ActivityIndicatorStyle.swift; sourceTree = "<group>"; };
		OBJ_70 /* Applicable.swift */ = {isa = PBXFileReference; lastKnownFileType = sourcecode.swift; path = Applicable.swift; sourceTree = "<group>"; };
		OBJ_71 /* BarStyle.swift */ = {isa = PBXFileReference; lastKnownFileType = sourcecode.swift; path = BarStyle.swift; sourceTree = "<group>"; };
		OBJ_72 /* Color+Names.swift */ = {isa = PBXFileReference; lastKnownFileType = sourcecode.swift; path = "Color+Names.swift"; sourceTree = "<group>"; };
		OBJ_73 /* Color.swift */ = {isa = PBXFileReference; lastKnownFileType = sourcecode.swift; path = Color.swift; sourceTree = "<group>"; };
		OBJ_74 /* ContentMode.swift */ = {isa = PBXFileReference; lastKnownFileType = sourcecode.swift; path = ContentMode.swift; sourceTree = "<group>"; };
		OBJ_75 /* ControlState.swift */ = {isa = PBXFileReference; lastKnownFileType = sourcecode.swift; path = ControlState.swift; sourceTree = "<group>"; };
		OBJ_76 /* DatePickerMode.swift */ = {isa = PBXFileReference; lastKnownFileType = sourcecode.swift; path = DatePickerMode.swift; sourceTree = "<group>"; };
		OBJ_77 /* EdgeInsets.swift */ = {isa = PBXFileReference; lastKnownFileType = sourcecode.swift; path = EdgeInsets.swift; sourceTree = "<group>"; };
		OBJ_78 /* Font.swift */ = {isa = PBXFileReference; lastKnownFileType = sourcecode.swift; path = Font.swift; sourceTree = "<group>"; };
		OBJ_79 /* LayoutAlignment.swift */ = {isa = PBXFileReference; lastKnownFileType = sourcecode.swift; path = LayoutAlignment.swift; sourceTree = "<group>"; };
		OBJ_80 /* LayoutDistribution.swift */ = {isa = PBXFileReference; lastKnownFileType = sourcecode.swift; path = LayoutDistribution.swift; sourceTree = "<group>"; };
		OBJ_81 /* LineBreakMode.swift */ = {isa = PBXFileReference; lastKnownFileType = sourcecode.swift; path = LineBreakMode.swift; sourceTree = "<group>"; };
		OBJ_82 /* MapType.swift */ = {isa = PBXFileReference; lastKnownFileType = sourcecode.swift; path = MapType.swift; sourceTree = "<group>"; };
		OBJ_83 /* OptionSetValue.swift */ = {isa = PBXFileReference; lastKnownFileType = sourcecode.swift; path = OptionSetValue.swift; sourceTree = "<group>"; };
		OBJ_84 /* Point.swift */ = {isa = PBXFileReference; lastKnownFileType = sourcecode.swift; path = Point.swift; sourceTree = "<group>"; };
		OBJ_85 /* Rect.swift */ = {isa = PBXFileReference; lastKnownFileType = sourcecode.swift; path = Rect.swift; sourceTree = "<group>"; };
		OBJ_86 /* RectEdge.swift */ = {isa = PBXFileReference; lastKnownFileType = sourcecode.swift; path = RectEdge.swift; sourceTree = "<group>"; };
		OBJ_87 /* ScrollViewIndicatorStyle.swift */ = {isa = PBXFileReference; lastKnownFileType = sourcecode.swift; path = ScrollViewIndicatorStyle.swift; sourceTree = "<group>"; };
		OBJ_88 /* SearchBarStyle.swift */ = {isa = PBXFileReference; lastKnownFileType = sourcecode.swift; path = SearchBarStyle.swift; sourceTree = "<group>"; };
		OBJ_89 /* Size.swift */ = {isa = PBXFileReference; lastKnownFileType = sourcecode.swift; path = Size.swift; sourceTree = "<group>"; };
		OBJ_9 /* Generator.swift */ = {isa = PBXFileReference; lastKnownFileType = sourcecode.swift; path = Generator.swift; sourceTree = "<group>"; };
		OBJ_90 /* SystemFontWeight.swift */ = {isa = PBXFileReference; lastKnownFileType = sourcecode.swift; path = SystemFontWeight.swift; sourceTree = "<group>"; };
		OBJ_91 /* TextAlignment.swift */ = {isa = PBXFileReference; lastKnownFileType = sourcecode.swift; path = TextAlignment.swift; sourceTree = "<group>"; };
		OBJ_92 /* TextBorderStyle.swift */ = {isa = PBXFileReference; lastKnownFileType = sourcecode.swift; path = TextBorderStyle.swift; sourceTree = "<group>"; };
		OBJ_93 /* TextFieldViewMode.swift */ = {isa = PBXFileReference; lastKnownFileType = sourcecode.swift; path = TextFieldViewMode.swift; sourceTree = "<group>"; };
		OBJ_94 /* ViewVisibility.swift */ = {isa = PBXFileReference; lastKnownFileType = sourcecode.swift; path = ViewVisibility.swift; sourceTree = "<group>"; };
		OBJ_95 /* VisualEffect.swift */ = {isa = PBXFileReference; lastKnownFileType = sourcecode.swift; path = VisualEffect.swift; sourceTree = "<group>"; };
		OBJ_97 /* SWXMLHash+TypeConversion.swift */ = {isa = PBXFileReference; lastKnownFileType = sourcecode.swift; path = "SWXMLHash+TypeConversion.swift"; sourceTree = "<group>"; };
		OBJ_98 /* SWXMLHash.swift */ = {isa = PBXFileReference; lastKnownFileType = sourcecode.swift; path = SWXMLHash.swift; sourceTree = "<group>"; };
/* End PBXFileReference section */

/* Begin PBXFrameworksBuildPhase section */
		OBJ_189 /* Frameworks */ = {
			isa = PBXFrameworksBuildPhase;
			buildActionMask = 0;
			files = (
			);
			runOnlyForDeploymentPostprocessing = 0;
		};
		OBJ_197 /* Frameworks */ = {
			isa = PBXFrameworksBuildPhase;
			buildActionMask = 0;
			files = (
				OBJ_198 /* FileKit.framework in Frameworks */,
				OBJ_199 /* Tokenizer.framework in Frameworks */,
			);
			runOnlyForDeploymentPostprocessing = 0;
		};
		OBJ_209 /* Frameworks */ = {
			isa = PBXFrameworksBuildPhase;
			buildActionMask = 0;
			files = (
				OBJ_210 /* FileKit.framework in Frameworks */,
				OBJ_211 /* Tokenizer.framework in Frameworks */,
				OBJ_212 /* Generator.framework in Frameworks */,
			);
			runOnlyForDeploymentPostprocessing = 0;
		};
		OBJ_305 /* Frameworks */ = {
			isa = PBXFrameworksBuildPhase;
			buildActionMask = 0;
			files = (
				OBJ_306 /* FileKit.framework in Frameworks */,
			);
			runOnlyForDeploymentPostprocessing = 0;
		};
/* End PBXFrameworksBuildPhase section */

/* Begin PBXGroup section */
		OBJ_106 /* Tests */ = {
			isa = PBXGroup;
			children = (
			);
			name = Tests;
			sourceTree = SOURCE_ROOT;
		};
		OBJ_11 /* reactant-ui */ = {
			isa = PBXGroup;
			children = (
				OBJ_12 /* main.swift */,
			);
			name = "reactant-ui";
			path = "Sources/reactant-ui";
			sourceTree = SOURCE_ROOT;
		};
		OBJ_111 /* Dependencies */ = {
			isa = PBXGroup;
			children = (
				OBJ_112 /* FileKit 4.0.2 */,
			);
			name = Dependencies;
			sourceTree = "<group>";
		};
		OBJ_112 /* FileKit 4.0.2 */ = {
			isa = PBXGroup;
			children = (
				OBJ_113 /* Array+File.swift */,
				OBJ_114 /* ArrayFile.swift */,
				OBJ_115 /* Bundle+FileKit.swift */,
				OBJ_116 /* Data+FileKit.swift */,
				OBJ_117 /* DataFile.swift */,
				OBJ_118 /* DataType.swift */,
				OBJ_119 /* Dictionary+File.swift */,
				OBJ_120 /* DictionaryFile.swift */,
				OBJ_121 /* DirectoryEnumerator.swift */,
				OBJ_122 /* DispatchEvent.swift */,
				OBJ_123 /* DispatchWatcher.swift */,
				OBJ_124 /* File.swift */,
				OBJ_125 /* FileKit.swift */,
				OBJ_126 /* FileKitError.swift */,
				OBJ_127 /* FilePermissions.swift */,
				OBJ_128 /* FileProtection.swift */,
				OBJ_129 /* FileSystemEvent.swift */,
				OBJ_130 /* FileSystemEventStream.swift */,
				OBJ_131 /* FileSystemWatcher.swift */,
				OBJ_132 /* FileType.swift */,
				OBJ_133 /* Image+FileKit.swift */,
				OBJ_134 /* ImageFile.swift */,
				OBJ_135 /* NSArray+FileKit.swift */,
				OBJ_136 /* NSData+FileKit.swift */,
				OBJ_137 /* NSDataFile.swift */,
				OBJ_138 /* NSDictionary+FileKit.swift */,
				OBJ_139 /* NSString+FileKit.swift */,
				OBJ_140 /* Operators.swift */,
				OBJ_141 /* Path.swift */,
				OBJ_142 /* Process+FileKit.swift */,
				OBJ_143 /* RelativePathType.swift */,
				OBJ_144 /* String+FileKit.swift */,
				OBJ_145 /* TextFile.swift */,
			);
			name = "FileKit 4.0.2";
			path = ".build/checkouts/FileKit.git-2495357206000708207/Sources";
			sourceTree = SOURCE_ROOT;
		};
		OBJ_13 /* Tokenizer */ = {
			isa = PBXGroup;
			children = (
				OBJ_14 /* Assignable.swift */,
				OBJ_15 /* UIContainer.swift */,
				OBJ_16 /* UIElement.swift */,
				OBJ_17 /* Elements */,
				OBJ_47 /* Layout */,
				OBJ_56 /* Properties */,
				OBJ_62 /* Styles */,
				OBJ_96 /* SWXMLHash */,
				OBJ_99 /* Util */,
			);
			name = Tokenizer;
			path = Sources/Tokenizer;
			sourceTree = SOURCE_ROOT;
		};
		OBJ_146 /* Products */ = {
			isa = PBXGroup;
			children = (
				OBJ_147 /* FileKit.framework */,
				OBJ_148 /* Generator.framework */,
				OBJ_149 /* reactant-ui */,
				OBJ_150 /* Tokenizer.framework */,
			);
			name = Products;
			sourceTree = BUILT_PRODUCTS_DIR;
		};
		OBJ_17 /* Elements */ = {
			isa = PBXGroup;
			children = (
				OBJ_18 /* ActivityIndicatorElement.swift */,
				OBJ_19 /* Button.swift */,
				OBJ_20 /* ComponentReference.swift */,
				OBJ_21 /* Container.swift */,
				OBJ_22 /* DatePicker.swift */,
				OBJ_23 /* Element+Root.swift */,
				OBJ_24 /* Element.swift */,
				OBJ_25 /* ImageView.swift */,
				OBJ_26 /* Label.swift */,
				OBJ_27 /* MapView.swift */,
				OBJ_28 /* NavigationBar.swift */,
				OBJ_29 /* PageControl.swift */,
				OBJ_30 /* PickerView.swift */,
				OBJ_31 /* PlainTableView.swift */,
				OBJ_32 /* ScrollView.swift */,
				OBJ_33 /* SearchBar.swift */,
				OBJ_34 /* SegmentedControl.swift */,
				OBJ_35 /* Slider.swift */,
				OBJ_36 /* StackView.swift */,
				OBJ_37 /* Stepper.swift */,
				OBJ_38 /* Switch.swift */,
				OBJ_39 /* TabBar.swift */,
				OBJ_40 /* TableView.swift */,
				OBJ_41 /* TextField.swift */,
				OBJ_42 /* TextView.swift */,
				OBJ_43 /* Toolbar.swift */,
				OBJ_44 /* View.swift */,
				OBJ_45 /* VisualEffectView.swift */,
				OBJ_46 /* WebView.swift */,
			);
			path = Elements;
			sourceTree = "<group>";
		};
		OBJ_47 /* Layout */ = {
			isa = PBXGroup;
			children = (
				OBJ_48 /* Constraint.swift */,
				OBJ_49 /* ConstraintModifier.swift */,
				OBJ_50 /* ConstraintParser.swift */,
				OBJ_51 /* ConstraintPriority.swift */,
				OBJ_52 /* ConstraintRelation.swift */,
				OBJ_53 /* Layout.swift */,
				OBJ_54 /* LayoutAnchor.swift */,
				OBJ_55 /* LayoutAttribute.swift */,
			);
			path = Layout;
			sourceTree = "<group>";
		};
		OBJ_5 /*  */ = {
			isa = PBXGroup;
			children = (
				OBJ_6 /* Package.swift */,
				OBJ_7 /* Sources */,
				OBJ_106 /* Tests */,
				OBJ_107 /* Example */,
				OBJ_108 /* Pods */,
				OBJ_109 /* ReactantUI.xcworkspace */,
				OBJ_110 /* ReactantUIGenerator */,
				OBJ_111 /* Dependencies */,
				OBJ_146 /* Products */,
			);
			name = "";
			sourceTree = "<group>";
		};
		OBJ_56 /* Properties */ = {
			isa = PBXGroup;
			children = (
				OBJ_57 /* AssignablePropertyDescription.swift */,
				OBJ_58 /* ControlStatePropertyDescription.swift */,
				OBJ_59 /* NestedPropertyDescription.swift */,
				OBJ_60 /* Property.swift */,
				OBJ_61 /* PropertyDescription.swift */,
			);
			path = Properties;
			sourceTree = "<group>";
		};
		OBJ_62 /* Styles */ = {
			isa = PBXGroup;
			children = (
				OBJ_63 /* Style.swift */,
				OBJ_64 /* StyleContainer.swift */,
				OBJ_65 /* StyleGroup.swift */,
				OBJ_66 /* SupportedPropertyType.swift */,
				OBJ_67 /* SupportedPropertyValue.swift */,
				OBJ_68 /* Values */,
			);
			path = Styles;
			sourceTree = "<group>";
		};
		OBJ_68 /* Values */ = {
			isa = PBXGroup;
			children = (
				OBJ_69 /* ActivityIndicatorStyle.swift */,
				OBJ_70 /* Applicable.swift */,
				OBJ_71 /* BarStyle.swift */,
				OBJ_72 /* Color+Names.swift */,
				OBJ_73 /* Color.swift */,
				OBJ_74 /* ContentMode.swift */,
				OBJ_75 /* ControlState.swift */,
				OBJ_76 /* DatePickerMode.swift */,
				OBJ_77 /* EdgeInsets.swift */,
				OBJ_78 /* Font.swift */,
				OBJ_79 /* LayoutAlignment.swift */,
				OBJ_80 /* LayoutDistribution.swift */,
				OBJ_81 /* LineBreakMode.swift */,
				OBJ_82 /* MapType.swift */,
				OBJ_83 /* OptionSetValue.swift */,
				OBJ_84 /* Point.swift */,
				OBJ_85 /* Rect.swift */,
				OBJ_86 /* RectEdge.swift */,
				OBJ_87 /* ScrollViewIndicatorStyle.swift */,
				OBJ_88 /* SearchBarStyle.swift */,
				OBJ_89 /* Size.swift */,
				OBJ_90 /* SystemFontWeight.swift */,
				OBJ_91 /* TextAlignment.swift */,
				OBJ_92 /* TextBorderStyle.swift */,
				OBJ_93 /* TextFieldViewMode.swift */,
				OBJ_94 /* ViewVisibility.swift */,
				OBJ_95 /* VisualEffect.swift */,
			);
			path = Values;
			sourceTree = "<group>";
		};
		OBJ_7 /* Sources */ = {
			isa = PBXGroup;
			children = (
				OBJ_8 /* Generator */,
				OBJ_11 /* reactant-ui */,
				OBJ_13 /* Tokenizer */,
			);
			name = Sources;
			sourceTree = SOURCE_ROOT;
		};
		OBJ_8 /* Generator */ = {
			isa = PBXGroup;
			children = (
				OBJ_9 /* Generator.swift */,
				OBJ_10 /* StyleGenerator.swift */,
			);
			name = Generator;
			path = Sources/Generator;
			sourceTree = SOURCE_ROOT;
		};
		OBJ_96 /* SWXMLHash */ = {
			isa = PBXGroup;
			children = (
				OBJ_97 /* SWXMLHash+TypeConversion.swift */,
				OBJ_98 /* SWXMLHash.swift */,
			);
			path = SWXMLHash;
			sourceTree = "<group>";
		};
		OBJ_99 /* Util */ = {
			isa = PBXGroup;
			children = (
				OBJ_100 /* ComponentPath.swift */,
				OBJ_101 /* Dictionary+Merge.swift */,
				OBJ_102 /* Float+CGFloat.swift */,
				OBJ_103 /* Lexer.swift */,
				OBJ_104 /* StringUtils.swift */,
				OBJ_105 /* TokenizationError.swift */,
			);
			path = Util;
			sourceTree = "<group>";
		};
/* End PBXGroup section */

/* Begin PBXNativeTarget section */
		OBJ_151 /* FileKit */ = {
			isa = PBXNativeTarget;
			buildConfigurationList = OBJ_152 /* Build configuration list for PBXNativeTarget "FileKit" */;
			buildPhases = (
				OBJ_155 /* Sources */,
				OBJ_189 /* Frameworks */,
			);
			buildRules = (
			);
			dependencies = (
			);
			name = FileKit;
			productName = FileKit;
			productReference = OBJ_147 /* FileKit.framework */;
			productType = "com.apple.product-type.framework";
		};
		OBJ_190 /* Generator */ = {
			isa = PBXNativeTarget;
			buildConfigurationList = OBJ_191 /* Build configuration list for PBXNativeTarget "Generator" */;
			buildPhases = (
				OBJ_194 /* Sources */,
				OBJ_197 /* Frameworks */,
			);
			buildRules = (
			);
			dependencies = (
				OBJ_200 /* PBXTargetDependency */,
				OBJ_201 /* PBXTargetDependency */,
			);
			name = Generator;
			productName = Generator;
			productReference = OBJ_148 /* Generator.framework */;
			productType = "com.apple.product-type.framework";
		};
		OBJ_202 /* Tokenizer */ = {
			isa = PBXNativeTarget;
			buildConfigurationList = OBJ_216 /* Build configuration list for PBXNativeTarget "Tokenizer" */;
			buildPhases = (
				OBJ_219 /* Sources */,
				OBJ_305 /* Frameworks */,
			);
			buildRules = (
			);
			dependencies = (
				OBJ_307 /* PBXTargetDependency */,
			);
			name = Tokenizer;
			productName = Tokenizer;
			productReference = OBJ_150 /* Tokenizer.framework */;
			productType = "com.apple.product-type.framework";
		};
		OBJ_203 /* reactant-ui */ = {
			isa = PBXNativeTarget;
			buildConfigurationList = OBJ_204 /* Build configuration list for PBXNativeTarget "reactant-ui" */;
			buildPhases = (
				OBJ_207 /* Sources */,
				OBJ_209 /* Frameworks */,
			);
			buildRules = (
			);
			dependencies = (
				OBJ_213 /* PBXTargetDependency */,
				OBJ_214 /* PBXTargetDependency */,
				OBJ_215 /* PBXTargetDependency */,
			);
			name = "reactant-ui";
			productName = reactant_ui;
			productReference = OBJ_149 /* reactant-ui */;
			productType = "com.apple.product-type.tool";
		};
/* End PBXNativeTarget section */

/* Begin PBXProject section */
		OBJ_1 /* Project object */ = {
			isa = PBXProject;
			attributes = {
				LastUpgradeCheck = 9999;
			};
			buildConfigurationList = OBJ_2 /* Build configuration list for PBXProject "ReactantUI" */;
			compatibilityVersion = "Xcode 3.2";
			developmentRegion = English;
			hasScannedForEncodings = 0;
			knownRegions = (
				en,
			);
			mainGroup = OBJ_5 /*  */;
			productRefGroup = OBJ_146 /* Products */;
			projectDirPath = ..;
			projectRoot = "";
			targets = (
				OBJ_151 /* FileKit */,
				OBJ_190 /* Generator */,
				OBJ_203 /* reactant-ui */,
				OBJ_202 /* Tokenizer */,
			);
		};
/* End PBXProject section */

/* Begin PBXSourcesBuildPhase section */
		OBJ_155 /* Sources */ = {
			isa = PBXSourcesBuildPhase;
			buildActionMask = 0;
			files = (
				OBJ_156 /* Array+File.swift in Sources */,
				OBJ_157 /* ArrayFile.swift in Sources */,
				OBJ_158 /* Bundle+FileKit.swift in Sources */,
				OBJ_159 /* Data+FileKit.swift in Sources */,
				OBJ_160 /* DataFile.swift in Sources */,
				OBJ_161 /* DataType.swift in Sources */,
				OBJ_162 /* Dictionary+File.swift in Sources */,
				OBJ_163 /* DictionaryFile.swift in Sources */,
				OBJ_164 /* DirectoryEnumerator.swift in Sources */,
				OBJ_165 /* DispatchEvent.swift in Sources */,
				OBJ_166 /* DispatchWatcher.swift in Sources */,
				OBJ_167 /* File.swift in Sources */,
				OBJ_168 /* FileKit.swift in Sources */,
				OBJ_169 /* FileKitError.swift in Sources */,
				OBJ_170 /* FilePermissions.swift in Sources */,
				OBJ_171 /* FileProtection.swift in Sources */,
				OBJ_172 /* FileSystemEvent.swift in Sources */,
				OBJ_173 /* FileSystemEventStream.swift in Sources */,
				OBJ_174 /* FileSystemWatcher.swift in Sources */,
				OBJ_175 /* FileType.swift in Sources */,
				OBJ_176 /* Image+FileKit.swift in Sources */,
				OBJ_177 /* ImageFile.swift in Sources */,
				OBJ_178 /* NSArray+FileKit.swift in Sources */,
				OBJ_179 /* NSData+FileKit.swift in Sources */,
				OBJ_180 /* NSDataFile.swift in Sources */,
				OBJ_181 /* NSDictionary+FileKit.swift in Sources */,
				OBJ_182 /* NSString+FileKit.swift in Sources */,
				OBJ_183 /* Operators.swift in Sources */,
				OBJ_184 /* Path.swift in Sources */,
				OBJ_185 /* Process+FileKit.swift in Sources */,
				OBJ_186 /* RelativePathType.swift in Sources */,
				OBJ_187 /* String+FileKit.swift in Sources */,
				OBJ_188 /* TextFile.swift in Sources */,
			);
			runOnlyForDeploymentPostprocessing = 0;
		};
		OBJ_194 /* Sources */ = {
			isa = PBXSourcesBuildPhase;
			buildActionMask = 0;
			files = (
				OBJ_195 /* Generator.swift in Sources */,
				OBJ_196 /* StyleGenerator.swift in Sources */,
			);
			runOnlyForDeploymentPostprocessing = 0;
		};
		OBJ_207 /* Sources */ = {
			isa = PBXSourcesBuildPhase;
			buildActionMask = 0;
			files = (
				OBJ_208 /* main.swift in Sources */,
			);
			runOnlyForDeploymentPostprocessing = 0;
		};
		OBJ_219 /* Sources */ = {
			isa = PBXSourcesBuildPhase;
			buildActionMask = 0;
			files = (
				OBJ_220 /* Assignable.swift in Sources */,
				OBJ_221 /* UIContainer.swift in Sources */,
				OBJ_222 /* UIElement.swift in Sources */,
				OBJ_223 /* ActivityIndicatorElement.swift in Sources */,
				OBJ_224 /* Button.swift in Sources */,
				OBJ_225 /* ComponentReference.swift in Sources */,
				OBJ_226 /* Container.swift in Sources */,
				OBJ_227 /* DatePicker.swift in Sources */,
				OBJ_228 /* Element+Root.swift in Sources */,
				OBJ_229 /* Element.swift in Sources */,
				OBJ_230 /* ImageView.swift in Sources */,
				OBJ_231 /* Label.swift in Sources */,
				OBJ_232 /* MapView.swift in Sources */,
				OBJ_233 /* NavigationBar.swift in Sources */,
				OBJ_234 /* PageControl.swift in Sources */,
				OBJ_235 /* PickerView.swift in Sources */,
				OBJ_236 /* PlainTableView.swift in Sources */,
				OBJ_237 /* ScrollView.swift in Sources */,
				OBJ_238 /* SearchBar.swift in Sources */,
				OBJ_239 /* SegmentedControl.swift in Sources */,
				OBJ_240 /* Slider.swift in Sources */,
				OBJ_241 /* StackView.swift in Sources */,
				OBJ_242 /* Stepper.swift in Sources */,
				OBJ_243 /* Switch.swift in Sources */,
				OBJ_244 /* TabBar.swift in Sources */,
				OBJ_245 /* TableView.swift in Sources */,
				OBJ_246 /* TextField.swift in Sources */,
				OBJ_247 /* TextView.swift in Sources */,
				OBJ_248 /* Toolbar.swift in Sources */,
				OBJ_249 /* View.swift in Sources */,
				OBJ_250 /* VisualEffectView.swift in Sources */,
				OBJ_251 /* WebView.swift in Sources */,
				OBJ_252 /* Constraint.swift in Sources */,
				OBJ_253 /* ConstraintModifier.swift in Sources */,
				OBJ_254 /* ConstraintParser.swift in Sources */,
				OBJ_255 /* ConstraintPriority.swift in Sources */,
				OBJ_256 /* ConstraintRelation.swift in Sources */,
				OBJ_257 /* Layout.swift in Sources */,
				OBJ_258 /* LayoutAnchor.swift in Sources */,
				OBJ_259 /* LayoutAttribute.swift in Sources */,
				OBJ_260 /* AssignablePropertyDescription.swift in Sources */,
				OBJ_261 /* ControlStatePropertyDescription.swift in Sources */,
				OBJ_262 /* NestedPropertyDescription.swift in Sources */,
				OBJ_263 /* Property.swift in Sources */,
				OBJ_264 /* PropertyDescription.swift in Sources */,
				OBJ_265 /* Style.swift in Sources */,
				OBJ_266 /* StyleContainer.swift in Sources */,
				OBJ_267 /* StyleGroup.swift in Sources */,
				OBJ_268 /* SupportedPropertyType.swift in Sources */,
				OBJ_269 /* SupportedPropertyValue.swift in Sources */,
				OBJ_270 /* SWXMLHash+TypeConversion.swift in Sources */,
				OBJ_271 /* SWXMLHash.swift in Sources */,
				OBJ_272 /* ComponentPath.swift in Sources */,
				OBJ_273 /* Dictionary+Merge.swift in Sources */,
				OBJ_274 /* Float+CGFloat.swift in Sources */,
				OBJ_275 /* Lexer.swift in Sources */,
				OBJ_276 /* StringUtils.swift in Sources */,
				OBJ_277 /* TokenizationError.swift in Sources */,
				OBJ_278 /* ActivityIndicatorStyle.swift in Sources */,
				OBJ_279 /* Applicable.swift in Sources */,
				OBJ_280 /* BarStyle.swift in Sources */,
				OBJ_281 /* Color+Names.swift in Sources */,
				OBJ_282 /* Color.swift in Sources */,
				OBJ_283 /* ContentMode.swift in Sources */,
				OBJ_284 /* ControlState.swift in Sources */,
				OBJ_285 /* DatePickerMode.swift in Sources */,
				OBJ_286 /* EdgeInsets.swift in Sources */,
				OBJ_287 /* Font.swift in Sources */,
				OBJ_288 /* LayoutAlignment.swift in Sources */,
				OBJ_289 /* LayoutDistribution.swift in Sources */,
				OBJ_290 /* LineBreakMode.swift in Sources */,
				OBJ_291 /* MapType.swift in Sources */,
				OBJ_292 /* OptionSetValue.swift in Sources */,
				OBJ_293 /* Point.swift in Sources */,
				OBJ_294 /* Rect.swift in Sources */,
				OBJ_295 /* RectEdge.swift in Sources */,
				OBJ_296 /* ScrollViewIndicatorStyle.swift in Sources */,
				OBJ_297 /* SearchBarStyle.swift in Sources */,
				OBJ_298 /* Size.swift in Sources */,
				OBJ_299 /* SystemFontWeight.swift in Sources */,
				OBJ_300 /* TextAlignment.swift in Sources */,
				OBJ_301 /* TextBorderStyle.swift in Sources */,
				OBJ_302 /* TextFieldViewMode.swift in Sources */,
				OBJ_303 /* ViewVisibility.swift in Sources */,
				OBJ_304 /* VisualEffect.swift in Sources */,
			);
			runOnlyForDeploymentPostprocessing = 0;
		};
/* End PBXSourcesBuildPhase section */

/* Begin PBXTargetDependency section */
		OBJ_200 /* PBXTargetDependency */ = {
			isa = PBXTargetDependency;
			target = OBJ_151 /* FileKit */;
			targetProxy = 2249DC7E1EDDC8870096AEAF /* PBXContainerItemProxy */;
		};
		OBJ_201 /* PBXTargetDependency */ = {
			isa = PBXTargetDependency;
			target = OBJ_202 /* Tokenizer */;
			targetProxy = 2249DC7F1EDDC8870096AEAF /* PBXContainerItemProxy */;
		};
		OBJ_213 /* PBXTargetDependency */ = {
			isa = PBXTargetDependency;
			target = OBJ_151 /* FileKit */;
			targetProxy = 2249DC811EDDC8870096AEAF /* PBXContainerItemProxy */;
		};
		OBJ_214 /* PBXTargetDependency */ = {
			isa = PBXTargetDependency;
			target = OBJ_202 /* Tokenizer */;
			targetProxy = 2249DC821EDDC8870096AEAF /* PBXContainerItemProxy */;
		};
		OBJ_215 /* PBXTargetDependency */ = {
			isa = PBXTargetDependency;
			target = OBJ_190 /* Generator */;
			targetProxy = 2249DC831EDDC8870096AEAF /* PBXContainerItemProxy */;
		};
		OBJ_307 /* PBXTargetDependency */ = {
			isa = PBXTargetDependency;
			target = OBJ_151 /* FileKit */;
			targetProxy = 2249DC801EDDC8870096AEAF /* PBXContainerItemProxy */;
		};
/* End PBXTargetDependency section */

/* Begin XCBuildConfiguration section */
		OBJ_153 /* Debug */ = {
			isa = XCBuildConfiguration;
			buildSettings = {
				ENABLE_TESTABILITY = YES;
				FRAMEWORK_SEARCH_PATHS = (
					"$(inherited)",
					"$(PLATFORM_DIR)/Developer/Library/Frameworks",
				);
				HEADER_SEARCH_PATHS = "$(inherited)";
				INFOPLIST_FILE = ReactantUIGenerator/ReactantUI.xcodeproj/FileKit_Info.plist;
				LD_RUNPATH_SEARCH_PATHS = "$(TOOLCHAIN_DIR)/usr/lib/swift/macosx";
				OTHER_LDFLAGS = "$(inherited)";
				OTHER_SWIFT_FLAGS = "$(inherited)";
				PRODUCT_BUNDLE_IDENTIFIER = FileKit;
				PRODUCT_MODULE_NAME = "$(TARGET_NAME:c99extidentifier)";
				PRODUCT_NAME = "$(TARGET_NAME:c99extidentifier)";
				SKIP_INSTALL = YES;
				TARGET_NAME = FileKit;
			};
			name = Debug;
		};
		OBJ_154 /* Release */ = {
			isa = XCBuildConfiguration;
			buildSettings = {
				ENABLE_TESTABILITY = YES;
				FRAMEWORK_SEARCH_PATHS = (
					"$(inherited)",
					"$(PLATFORM_DIR)/Developer/Library/Frameworks",
				);
				HEADER_SEARCH_PATHS = "$(inherited)";
				INFOPLIST_FILE = ReactantUIGenerator/ReactantUI.xcodeproj/FileKit_Info.plist;
				LD_RUNPATH_SEARCH_PATHS = "$(TOOLCHAIN_DIR)/usr/lib/swift/macosx";
				OTHER_LDFLAGS = "$(inherited)";
				OTHER_SWIFT_FLAGS = "$(inherited)";
				PRODUCT_BUNDLE_IDENTIFIER = FileKit;
				PRODUCT_MODULE_NAME = "$(TARGET_NAME:c99extidentifier)";
				PRODUCT_NAME = "$(TARGET_NAME:c99extidentifier)";
				SKIP_INSTALL = YES;
				TARGET_NAME = FileKit;
			};
			name = Release;
		};
		OBJ_192 /* Debug */ = {
			isa = XCBuildConfiguration;
			buildSettings = {
				ENABLE_TESTABILITY = YES;
				FRAMEWORK_SEARCH_PATHS = (
					"$(inherited)",
					"$(PLATFORM_DIR)/Developer/Library/Frameworks",
				);
				HEADER_SEARCH_PATHS = "$(inherited)";
				INFOPLIST_FILE = ReactantUIGenerator/ReactantUI.xcodeproj/Generator_Info.plist;
				LD_RUNPATH_SEARCH_PATHS = "$(TOOLCHAIN_DIR)/usr/lib/swift/macosx";
				OTHER_LDFLAGS = "$(inherited)";
				OTHER_SWIFT_FLAGS = "$(inherited)";
				PRODUCT_BUNDLE_IDENTIFIER = Generator;
				PRODUCT_MODULE_NAME = "$(TARGET_NAME:c99extidentifier)";
				PRODUCT_NAME = "$(TARGET_NAME:c99extidentifier)";
				SKIP_INSTALL = YES;
				TARGET_NAME = Generator;
			};
			name = Debug;
		};
		OBJ_193 /* Release */ = {
			isa = XCBuildConfiguration;
			buildSettings = {
				ENABLE_TESTABILITY = YES;
				FRAMEWORK_SEARCH_PATHS = (
					"$(inherited)",
					"$(PLATFORM_DIR)/Developer/Library/Frameworks",
				);
				HEADER_SEARCH_PATHS = "$(inherited)";
				INFOPLIST_FILE = ReactantUIGenerator/ReactantUI.xcodeproj/Generator_Info.plist;
				LD_RUNPATH_SEARCH_PATHS = "$(TOOLCHAIN_DIR)/usr/lib/swift/macosx";
				OTHER_LDFLAGS = "$(inherited)";
				OTHER_SWIFT_FLAGS = "$(inherited)";
				PRODUCT_BUNDLE_IDENTIFIER = Generator;
				PRODUCT_MODULE_NAME = "$(TARGET_NAME:c99extidentifier)";
				PRODUCT_NAME = "$(TARGET_NAME:c99extidentifier)";
				SKIP_INSTALL = YES;
				TARGET_NAME = Generator;
			};
			name = Release;
		};
		OBJ_205 /* Debug */ = {
			isa = XCBuildConfiguration;
			buildSettings = {
				FRAMEWORK_SEARCH_PATHS = (
					"$(inherited)",
					"$(PLATFORM_DIR)/Developer/Library/Frameworks",
				);
				HEADER_SEARCH_PATHS = "$(inherited)";
				INFOPLIST_FILE = ReactantUIGenerator/ReactantUI.xcodeproj/reactant_ui_Info.plist;
				LD_RUNPATH_SEARCH_PATHS = "$(TOOLCHAIN_DIR)/usr/lib/swift/macosx @executable_path";
				OTHER_LDFLAGS = "$(inherited)";
				OTHER_SWIFT_FLAGS = "$(inherited)";
				SWIFT_FORCE_DYNAMIC_LINK_STDLIB = YES;
				SWIFT_FORCE_STATIC_LINK_STDLIB = NO;
				TARGET_NAME = "reactant-ui";
			};
			name = Debug;
		};
		OBJ_206 /* Release */ = {
			isa = XCBuildConfiguration;
			buildSettings = {
				FRAMEWORK_SEARCH_PATHS = (
					"$(inherited)",
					"$(PLATFORM_DIR)/Developer/Library/Frameworks",
				);
				HEADER_SEARCH_PATHS = "$(inherited)";
				INFOPLIST_FILE = ReactantUIGenerator/ReactantUI.xcodeproj/reactant_ui_Info.plist;
				LD_RUNPATH_SEARCH_PATHS = "$(TOOLCHAIN_DIR)/usr/lib/swift/macosx @executable_path";
				OTHER_LDFLAGS = "$(inherited)";
				OTHER_SWIFT_FLAGS = "$(inherited)";
				SWIFT_FORCE_DYNAMIC_LINK_STDLIB = YES;
				SWIFT_FORCE_STATIC_LINK_STDLIB = NO;
				TARGET_NAME = "reactant-ui";
			};
			name = Release;
		};
		OBJ_217 /* Debug */ = {
			isa = XCBuildConfiguration;
			buildSettings = {
				ENABLE_TESTABILITY = YES;
				FRAMEWORK_SEARCH_PATHS = (
					"$(inherited)",
					"$(PLATFORM_DIR)/Developer/Library/Frameworks",
				);
				HEADER_SEARCH_PATHS = "$(inherited)";
				INFOPLIST_FILE = ReactantUIGenerator/ReactantUI.xcodeproj/Tokenizer_Info.plist;
				LD_RUNPATH_SEARCH_PATHS = "$(TOOLCHAIN_DIR)/usr/lib/swift/macosx";
				OTHER_LDFLAGS = "$(inherited)";
				OTHER_SWIFT_FLAGS = "$(inherited)";
				PRODUCT_BUNDLE_IDENTIFIER = Tokenizer;
				PRODUCT_MODULE_NAME = "$(TARGET_NAME:c99extidentifier)";
				PRODUCT_NAME = "$(TARGET_NAME:c99extidentifier)";
				SKIP_INSTALL = YES;
				TARGET_NAME = Tokenizer;
			};
			name = Debug;
		};
		OBJ_218 /* Release */ = {
			isa = XCBuildConfiguration;
			buildSettings = {
				ENABLE_TESTABILITY = YES;
				FRAMEWORK_SEARCH_PATHS = (
					"$(inherited)",
					"$(PLATFORM_DIR)/Developer/Library/Frameworks",
				);
				HEADER_SEARCH_PATHS = "$(inherited)";
				INFOPLIST_FILE = ReactantUIGenerator/ReactantUI.xcodeproj/Tokenizer_Info.plist;
				LD_RUNPATH_SEARCH_PATHS = "$(TOOLCHAIN_DIR)/usr/lib/swift/macosx";
				OTHER_LDFLAGS = "$(inherited)";
				OTHER_SWIFT_FLAGS = "$(inherited)";
				PRODUCT_BUNDLE_IDENTIFIER = Tokenizer;
				PRODUCT_MODULE_NAME = "$(TARGET_NAME:c99extidentifier)";
				PRODUCT_NAME = "$(TARGET_NAME:c99extidentifier)";
				SKIP_INSTALL = YES;
				TARGET_NAME = Tokenizer;
			};
			name = Release;
		};
		OBJ_3 /* Debug */ = {
			isa = XCBuildConfiguration;
			buildSettings = {
				CLANG_ENABLE_OBJC_ARC = YES;
				COMBINE_HIDPI_IMAGES = YES;
				COPY_PHASE_STRIP = NO;
				DEBUG_INFORMATION_FORMAT = dwarf;
				DYLIB_INSTALL_NAME_BASE = "@rpath";
				ENABLE_NS_ASSERTIONS = YES;
				GCC_OPTIMIZATION_LEVEL = 0;
				MACOSX_DEPLOYMENT_TARGET = 10.10;
				ONLY_ACTIVE_ARCH = YES;
				OTHER_SWIFT_FLAGS = "-DXcode";
				PRODUCT_NAME = "$(TARGET_NAME)";
				SDKROOT = macosx;
				SUPPORTED_PLATFORMS = "macosx iphoneos iphonesimulator appletvos appletvsimulator watchos watchsimulator";
				SWIFT_ACTIVE_COMPILATION_CONDITIONS = SWIFT_PACKAGE;
				SWIFT_OPTIMIZATION_LEVEL = "-Onone";
				SWIFT_VERSION = 3.0;
				USE_HEADERMAP = NO;
			};
			name = Debug;
		};
		OBJ_4 /* Release */ = {
			isa = XCBuildConfiguration;
			buildSettings = {
				CLANG_ENABLE_OBJC_ARC = YES;
				COMBINE_HIDPI_IMAGES = YES;
				COPY_PHASE_STRIP = YES;
				DEBUG_INFORMATION_FORMAT = "dwarf-with-dsym";
				DYLIB_INSTALL_NAME_BASE = "@rpath";
				GCC_OPTIMIZATION_LEVEL = s;
				MACOSX_DEPLOYMENT_TARGET = 10.10;
				OTHER_SWIFT_FLAGS = "-DXcode";
				PRODUCT_NAME = "$(TARGET_NAME)";
				SDKROOT = macosx;
				SUPPORTED_PLATFORMS = "macosx iphoneos iphonesimulator appletvos appletvsimulator watchos watchsimulator";
				SWIFT_ACTIVE_COMPILATION_CONDITIONS = SWIFT_PACKAGE;
				SWIFT_OPTIMIZATION_LEVEL = "-Owholemodule";
				SWIFT_VERSION = 3.0;
				USE_HEADERMAP = NO;
			};
			name = Release;
		};
/* End XCBuildConfiguration section */

/* Begin XCConfigurationList section */
		OBJ_152 /* Build configuration list for PBXNativeTarget "FileKit" */ = {
			isa = XCConfigurationList;
			buildConfigurations = (
				OBJ_153 /* Debug */,
				OBJ_154 /* Release */,
			);
			defaultConfigurationIsVisible = 0;
			defaultConfigurationName = Debug;
		};
		OBJ_191 /* Build configuration list for PBXNativeTarget "Generator" */ = {
			isa = XCConfigurationList;
			buildConfigurations = (
				OBJ_192 /* Debug */,
				OBJ_193 /* Release */,
			);
			defaultConfigurationIsVisible = 0;
			defaultConfigurationName = Debug;
		};
		OBJ_2 /* Build configuration list for PBXProject "ReactantUI" */ = {
			isa = XCConfigurationList;
			buildConfigurations = (
				OBJ_3 /* Debug */,
				OBJ_4 /* Release */,
			);
			defaultConfigurationIsVisible = 0;
			defaultConfigurationName = Debug;
		};
		OBJ_204 /* Build configuration list for PBXNativeTarget "reactant-ui" */ = {
			isa = XCConfigurationList;
			buildConfigurations = (
				OBJ_205 /* Debug */,
				OBJ_206 /* Release */,
			);
			defaultConfigurationIsVisible = 0;
			defaultConfigurationName = Debug;
		};
		OBJ_216 /* Build configuration list for PBXNativeTarget "Tokenizer" */ = {
			isa = XCConfigurationList;
			buildConfigurations = (
				OBJ_217 /* Debug */,
				OBJ_218 /* Release */,
			);
			defaultConfigurationIsVisible = 0;
			defaultConfigurationName = Debug;
		};
/* End XCConfigurationList section */
	};
	rootObject = OBJ_1 /* Project object */;
}
