// !$*UTF8*$!
{
	archiveVersion = 1;
	classes = {
	};
	objectVersion = 46;
	objects = {

/* Begin PBXBuildFile section */
		182B688C1EAF7641007CC668 /* AppDelegate.swift in Sources */ = {isa = PBXBuildFile; fileRef = 182B687B1EAF7641007CC668 /* AppDelegate.swift */; };
		182B688D1EAF7641007CC668 /* ATest.ui.xml in Resources */ = {isa = PBXBuildFile; fileRef = 182B687D1EAF7641007CC668 /* ATest.ui.xml */; };
		182B688E1EAF7641007CC668 /* CommonStyles.styles.xml in Resources */ = {isa = PBXBuildFile; fileRef = 182B687E1EAF7641007CC668 /* CommonStyles.styles.xml */; };
		182B688F1EAF7641007CC668 /* ExampleCell.ui.xml in Resources */ = {isa = PBXBuildFile; fileRef = 182B687F1EAF7641007CC668 /* ExampleCell.ui.xml */; };
		182B68901EAF7641007CC668 /* ExampleRootView.swift in Sources */ = {isa = PBXBuildFile; fileRef = 182B68801EAF7641007CC668 /* ExampleRootView.swift */; };
		182B68911EAF7641007CC668 /* ExampleRootView.ui.xml in Resources */ = {isa = PBXBuildFile; fileRef = 182B68811EAF7641007CC668 /* ExampleRootView.ui.xml */; };
		182B68921EAF7641007CC668 /* ExampleView2.swift in Sources */ = {isa = PBXBuildFile; fileRef = 182B68821EAF7641007CC668 /* ExampleView2.swift */; };
		182B68931EAF7641007CC668 /* ExampleView2.ui.xml in Resources */ = {isa = PBXBuildFile; fileRef = 182B68831EAF7641007CC668 /* ExampleView2.ui.xml */; };
		182B68941EAF7641007CC668 /* ViewController.swift in Sources */ = {isa = PBXBuildFile; fileRef = 182B68841EAF7641007CC668 /* ViewController.swift */; };
		182B68951EAF7641007CC668 /* Assets.xcassets in Resources */ = {isa = PBXBuildFile; fileRef = 182B68861EAF7641007CC668 /* Assets.xcassets */; };
		182B68961EAF7641007CC668 /* LaunchScreen.storyboard in Resources */ = {isa = PBXBuildFile; fileRef = 182B68871EAF7641007CC668 /* LaunchScreen.storyboard */; };
		182B68971EAF7641007CC668 /* Info.plist in Resources */ = {isa = PBXBuildFile; fileRef = 182B68891EAF7641007CC668 /* Info.plist */; };
		182B68981EAF7641007CC668 /* Localizable.strings in Resources */ = {isa = PBXBuildFile; fileRef = 182B688A1EAF7641007CC668 /* Localizable.strings */; };
		182B689B1EAF870E007CC668 /* GeneratedUI.swift in Sources */ = {isa = PBXBuildFile; fileRef = 182B689A1EAF870E007CC668 /* GeneratedUI.swift */; };
		5B1333D6A201F8A50D8697D9 /* Pods_Example.framework in Frameworks */ = {isa = PBXBuildFile; fileRef = D1AAC4CA06239D481C4E7F9D /* Pods_Example.framework */; };
/* End PBXBuildFile section */

/* Begin PBXFileReference section */
		098D5E646099DC6FADFAC15E /* Pods-Example.release.xcconfig */ = {isa = PBXFileReference; includeInIndex = 1; lastKnownFileType = text.xcconfig; name = "Pods-Example.release.xcconfig"; path = "Pods/Target Support Files/Pods-Example/Pods-Example.release.xcconfig"; sourceTree = "<group>"; };
		182B68671EAF7589007CC668 /* Example.app */ = {isa = PBXFileReference; explicitFileType = wrapper.application; includeInIndex = 0; path = Example.app; sourceTree = BUILT_PRODUCTS_DIR; };
		182B687B1EAF7641007CC668 /* AppDelegate.swift */ = {isa = PBXFileReference; fileEncoding = 4; lastKnownFileType = sourcecode.swift; path = AppDelegate.swift; sourceTree = "<group>"; };
		182B687D1EAF7641007CC668 /* ATest.ui.xml */ = {isa = PBXFileReference; fileEncoding = 4; lastKnownFileType = text.xml; path = ATest.ui.xml; sourceTree = "<group>"; };
		182B687E1EAF7641007CC668 /* CommonStyles.styles.xml */ = {isa = PBXFileReference; fileEncoding = 4; lastKnownFileType = text.xml; path = CommonStyles.styles.xml; sourceTree = "<group>"; };
		182B687F1EAF7641007CC668 /* ExampleCell.ui.xml */ = {isa = PBXFileReference; fileEncoding = 4; lastKnownFileType = text.xml; path = ExampleCell.ui.xml; sourceTree = "<group>"; };
		182B68801EAF7641007CC668 /* ExampleRootView.swift */ = {isa = PBXFileReference; fileEncoding = 4; lastKnownFileType = sourcecode.swift; path = ExampleRootView.swift; sourceTree = "<group>"; };
		182B68811EAF7641007CC668 /* ExampleRootView.ui.xml */ = {isa = PBXFileReference; fileEncoding = 4; lastKnownFileType = text.xml; path = ExampleRootView.ui.xml; sourceTree = "<group>"; };
		182B68821EAF7641007CC668 /* ExampleView2.swift */ = {isa = PBXFileReference; fileEncoding = 4; lastKnownFileType = sourcecode.swift; path = ExampleView2.swift; sourceTree = "<group>"; };
		182B68831EAF7641007CC668 /* ExampleView2.ui.xml */ = {isa = PBXFileReference; fileEncoding = 4; lastKnownFileType = text.xml; path = ExampleView2.ui.xml; sourceTree = "<group>"; };
		182B68841EAF7641007CC668 /* ViewController.swift */ = {isa = PBXFileReference; fileEncoding = 4; lastKnownFileType = sourcecode.swift; path = ViewController.swift; sourceTree = "<group>"; };
		182B68861EAF7641007CC668 /* Assets.xcassets */ = {isa = PBXFileReference; lastKnownFileType = folder.assetcatalog; path = Assets.xcassets; sourceTree = "<group>"; };
		182B68881EAF7641007CC668 /* Base */ = {isa = PBXFileReference; lastKnownFileType = file.storyboard; name = Base; path = Base.lproj/LaunchScreen.storyboard; sourceTree = "<group>"; };
		182B68891EAF7641007CC668 /* Info.plist */ = {isa = PBXFileReference; fileEncoding = 4; lastKnownFileType = text.plist.xml; path = Info.plist; sourceTree = "<group>"; };
		182B688A1EAF7641007CC668 /* Localizable.strings */ = {isa = PBXFileReference; fileEncoding = 4; lastKnownFileType = text.plist.strings; path = Localizable.strings; sourceTree = "<group>"; };
		182B689A1EAF870E007CC668 /* GeneratedUI.swift */ = {isa = PBXFileReference; fileEncoding = 4; lastKnownFileType = sourcecode.swift; path = GeneratedUI.swift; sourceTree = "<group>"; };
		D1AAC4CA06239D481C4E7F9D /* Pods_Example.framework */ = {isa = PBXFileReference; explicitFileType = wrapper.framework; includeInIndex = 0; path = Pods_Example.framework; sourceTree = BUILT_PRODUCTS_DIR; };
		F34C6D0ED725F70B6F5A3341 /* Pods-Example.debug.xcconfig */ = {isa = PBXFileReference; includeInIndex = 1; lastKnownFileType = text.xcconfig; name = "Pods-Example.debug.xcconfig"; path = "Pods/Target Support Files/Pods-Example/Pods-Example.debug.xcconfig"; sourceTree = "<group>"; };
/* End PBXFileReference section */

/* Begin PBXFrameworksBuildPhase section */
		182B68641EAF7589007CC668 /* Frameworks */ = {
			isa = PBXFrameworksBuildPhase;
			buildActionMask = 2147483647;
			files = (
				5B1333D6A201F8A50D8697D9 /* Pods_Example.framework in Frameworks */,
			);
			runOnlyForDeploymentPostprocessing = 0;
		};
/* End PBXFrameworksBuildPhase section */

/* Begin PBXGroup section */
		182B685C1EAF7530007CC668 = {
			isa = PBXGroup;
			children = (
				182B68691EAF7589007CC668 /* Example */,
				182B68681EAF7589007CC668 /* Products */,
				7152B12B2D8D6874507C49C6 /* Pods */,
				719FEA2A5C7B0DD40285E72B /* Frameworks */,
			);
			sourceTree = "<group>";
		};
		182B68681EAF7589007CC668 /* Products */ = {
			isa = PBXGroup;
			children = (
				182B68671EAF7589007CC668 /* Example.app */,
			);
			name = Products;
			sourceTree = "<group>";
		};
		182B68691EAF7589007CC668 /* Example */ = {
			isa = PBXGroup;
			children = (
				182B687A1EAF7641007CC668 /* Source */,
				182B68851EAF7641007CC668 /* Resource */,
				182B688B1EAF7641007CC668 /* Generated */,
			);
			path = Example;
			sourceTree = "<group>";
		};
		182B687A1EAF7641007CC668 /* Source */ = {
			isa = PBXGroup;
			children = (
				182B687B1EAF7641007CC668 /* AppDelegate.swift */,
				182B687C1EAF7641007CC668 /* Component */,
			);
			path = Source;
			sourceTree = "<group>";
		};
		182B687C1EAF7641007CC668 /* Component */ = {
			isa = PBXGroup;
			children = (
				182B687D1EAF7641007CC668 /* ATest.ui.xml */,
				182B687E1EAF7641007CC668 /* CommonStyles.styles.xml */,
				182B687F1EAF7641007CC668 /* ExampleCell.ui.xml */,
				182B68801EAF7641007CC668 /* ExampleRootView.swift */,
				182B68811EAF7641007CC668 /* ExampleRootView.ui.xml */,
				182B68821EAF7641007CC668 /* ExampleView2.swift */,
				182B68831EAF7641007CC668 /* ExampleView2.ui.xml */,
				182B68841EAF7641007CC668 /* ViewController.swift */,
			);
			path = Component;
			sourceTree = "<group>";
		};
		182B68851EAF7641007CC668 /* Resource */ = {
			isa = PBXGroup;
			children = (
				182B68861EAF7641007CC668 /* Assets.xcassets */,
				182B68871EAF7641007CC668 /* LaunchScreen.storyboard */,
				182B68891EAF7641007CC668 /* Info.plist */,
				182B688A1EAF7641007CC668 /* Localizable.strings */,
			);
			path = Resource;
			sourceTree = "<group>";
		};
		182B688B1EAF7641007CC668 /* Generated */ = {
			isa = PBXGroup;
			children = (
				182B689A1EAF870E007CC668 /* GeneratedUI.swift */,
			);
			path = Generated;
			sourceTree = "<group>";
		};
		7152B12B2D8D6874507C49C6 /* Pods */ = {
			isa = PBXGroup;
			children = (
				F34C6D0ED725F70B6F5A3341 /* Pods-Example.debug.xcconfig */,
				098D5E646099DC6FADFAC15E /* Pods-Example.release.xcconfig */,
			);
			name = Pods;
			sourceTree = "<group>";
		};
		719FEA2A5C7B0DD40285E72B /* Frameworks */ = {
			isa = PBXGroup;
			children = (
				D1AAC4CA06239D481C4E7F9D /* Pods_Example.framework */,
			);
			name = Frameworks;
			sourceTree = "<group>";
		};
/* End PBXGroup section */

/* Begin PBXNativeTarget section */
		182B68661EAF7589007CC668 /* Example */ = {
			isa = PBXNativeTarget;
			buildConfigurationList = 182B68791EAF7589007CC668 /* Build configuration list for PBXNativeTarget "Example" */;
			buildPhases = (
				8E2A90AA6E40518D7B753F0A /* [CP] Check Pods Manifest.lock */,
				182B68991EAF76C4007CC668 /* Generate Reactant UI */,
				182B68631EAF7589007CC668 /* Sources */,
				182B68641EAF7589007CC668 /* Frameworks */,
				182B68651EAF7589007CC668 /* Resources */,
				80D15FFAC2FA355FB1F2A212 /* [CP] Embed Pods Frameworks */,
				F6DB46BC86E2ED35226501D9 /* [CP] Copy Pods Resources */,
			);
			buildRules = (
			);
			dependencies = (
			);
			name = Example;
			productName = Example;
			productReference = 182B68671EAF7589007CC668 /* Example.app */;
			productType = "com.apple.product-type.application";
		};
/* End PBXNativeTarget section */

/* Begin PBXProject section */
		182B685D1EAF7530007CC668 /* Project object */ = {
			isa = PBXProject;
			attributes = {
				LastSwiftUpdateCheck = 0830;
				LastUpgradeCheck = 0830;
				TargetAttributes = {
					182B68661EAF7589007CC668 = {
						CreatedOnToolsVersion = 8.3.1;
						ProvisioningStyle = Manual;
					};
				};
			};
			buildConfigurationList = 182B68601EAF7530007CC668 /* Build configuration list for PBXProject "ReactantUI" */;
			compatibilityVersion = "Xcode 3.2";
			developmentRegion = English;
			hasScannedForEncodings = 0;
			knownRegions = (
				en,
				Base,
			);
			mainGroup = 182B685C1EAF7530007CC668;
			productRefGroup = 182B68681EAF7589007CC668 /* Products */;
			projectDirPath = "";
			projectRoot = "";
			targets = (
				182B68661EAF7589007CC668 /* Example */,
			);
		};
/* End PBXProject section */

/* Begin PBXResourcesBuildPhase section */
		182B68651EAF7589007CC668 /* Resources */ = {
			isa = PBXResourcesBuildPhase;
			buildActionMask = 2147483647;
			files = (
				182B688D1EAF7641007CC668 /* ATest.ui.xml in Resources */,
				182B68981EAF7641007CC668 /* Localizable.strings in Resources */,
				182B688F1EAF7641007CC668 /* ExampleCell.ui.xml in Resources */,
				182B68961EAF7641007CC668 /* LaunchScreen.storyboard in Resources */,
				182B68911EAF7641007CC668 /* ExampleRootView.ui.xml in Resources */,
				182B688E1EAF7641007CC668 /* CommonStyles.styles.xml in Resources */,
				182B68971EAF7641007CC668 /* Info.plist in Resources */,
				182B68951EAF7641007CC668 /* Assets.xcassets in Resources */,
				182B68931EAF7641007CC668 /* ExampleView2.ui.xml in Resources */,
			);
			runOnlyForDeploymentPostprocessing = 0;
		};
/* End PBXResourcesBuildPhase section */

/* Begin PBXShellScriptBuildPhase section */
		182B68991EAF76C4007CC668 /* Generate Reactant UI */ = {
			isa = PBXShellScriptBuildPhase;
			buildActionMask = 2147483647;
			files = (
			);
			inputPaths = (
			);
			name = "Generate Reactant UI";
			outputPaths = (
			);
			runOnlyForDeploymentPostprocessing = 0;
			shellPath = /bin/sh;
			shellScript = "pushd $PROJECT_DIR\nenv -i HOME=$HOME PATH=$PATH swift build\npopd\n\npushd $PROJECT_DIR/Example\n$PROJECT_DIR/.build/debug/reactant-ui --enable-live > $PROJECT_DIR/Example/Generated/GeneratedUI.swift\npopd";
		};
		80D15FFAC2FA355FB1F2A212 /* [CP] Embed Pods Frameworks */ = {
			isa = PBXShellScriptBuildPhase;
			buildActionMask = 2147483647;
			files = (
			);
			inputPaths = (
				"${SRCROOT}/Pods/Target Support Files/Pods-Example/Pods-Example-frameworks.sh",
				"${BUILT_PRODUCTS_DIR}/Differentiator/Differentiator.framework",
				"${BUILT_PRODUCTS_DIR}/Kingfisher/Kingfisher.framework",
				"${BUILT_PRODUCTS_DIR}/Reactant/Reactant.framework",
				"${BUILT_PRODUCTS_DIR}/ReactantLiveUI/ReactantLiveUI.framework",
				"${BUILT_PRODUCTS_DIR}/Result/Result.framework",
				"${BUILT_PRODUCTS_DIR}/RxCocoa/RxCocoa.framework",
				"${BUILT_PRODUCTS_DIR}/RxDataSources/RxDataSources.framework",
				"${BUILT_PRODUCTS_DIR}/RxOptional/RxOptional.framework",
				"${BUILT_PRODUCTS_DIR}/RxSwift/RxSwift.framework",
				"${BUILT_PRODUCTS_DIR}/SnapKit/SnapKit.framework",
			);
			name = "[CP] Embed Pods Frameworks";
			outputPaths = (
				"${TARGET_BUILD_DIR}/${FRAMEWORKS_FOLDER_PATH}/Differentiator.framework",
				"${TARGET_BUILD_DIR}/${FRAMEWORKS_FOLDER_PATH}/Kingfisher.framework",
				"${TARGET_BUILD_DIR}/${FRAMEWORKS_FOLDER_PATH}/Reactant.framework",
				"${TARGET_BUILD_DIR}/${FRAMEWORKS_FOLDER_PATH}/ReactantLiveUI.framework",
				"${TARGET_BUILD_DIR}/${FRAMEWORKS_FOLDER_PATH}/Result.framework",
				"${TARGET_BUILD_DIR}/${FRAMEWORKS_FOLDER_PATH}/RxCocoa.framework",
				"${TARGET_BUILD_DIR}/${FRAMEWORKS_FOLDER_PATH}/RxDataSources.framework",
				"${TARGET_BUILD_DIR}/${FRAMEWORKS_FOLDER_PATH}/RxOptional.framework",
				"${TARGET_BUILD_DIR}/${FRAMEWORKS_FOLDER_PATH}/RxSwift.framework",
				"${TARGET_BUILD_DIR}/${FRAMEWORKS_FOLDER_PATH}/SnapKit.framework",
			);
			runOnlyForDeploymentPostprocessing = 0;
			shellPath = /bin/sh;
			shellScript = "\"${SRCROOT}/Pods/Target Support Files/Pods-Example/Pods-Example-frameworks.sh\"\n";
			showEnvVarsInLog = 0;
		};
		8E2A90AA6E40518D7B753F0A /* [CP] Check Pods Manifest.lock */ = {
			isa = PBXShellScriptBuildPhase;
			buildActionMask = 2147483647;
			files = (
			);
			inputPaths = (
				"${PODS_PODFILE_DIR_PATH}/Podfile.lock",
				"${PODS_ROOT}/Manifest.lock",
			);
			name = "[CP] Check Pods Manifest.lock";
			outputPaths = (
				"$(DERIVED_FILE_DIR)/Pods-Example-checkManifestLockResult.txt",
			);
			runOnlyForDeploymentPostprocessing = 0;
			shellPath = /bin/sh;
			shellScript = "diff \"${PODS_PODFILE_DIR_PATH}/Podfile.lock\" \"${PODS_ROOT}/Manifest.lock\" > /dev/null\nif [ $? != 0 ] ; then\n    # print error to STDERR\n    echo \"error: The sandbox is not in sync with the Podfile.lock. Run 'pod install' or update your CocoaPods installation.\" >&2\n    exit 1\nfi\n# This output is used by Xcode 'outputs' to avoid re-running this script phase.\necho \"SUCCESS\" > \"${SCRIPT_OUTPUT_FILE_0}\"\n";
			showEnvVarsInLog = 0;
		};
		F6DB46BC86E2ED35226501D9 /* [CP] Copy Pods Resources */ = {
			isa = PBXShellScriptBuildPhase;
			buildActionMask = 2147483647;
			files = (
			);
			inputPaths = (
			);
			name = "[CP] Copy Pods Resources";
			outputPaths = (
			);
			runOnlyForDeploymentPostprocessing = 0;
			shellPath = /bin/sh;
			shellScript = "\"${SRCROOT}/Pods/Target Support Files/Pods-Example/Pods-Example-resources.sh\"\n";
			showEnvVarsInLog = 0;
		};
/* End PBXShellScriptBuildPhase section */

/* Begin PBXSourcesBuildPhase section */
		182B68631EAF7589007CC668 /* Sources */ = {
			isa = PBXSourcesBuildPhase;
			buildActionMask = 2147483647;
			files = (
				182B68941EAF7641007CC668 /* ViewController.swift in Sources */,
				182B689B1EAF870E007CC668 /* GeneratedUI.swift in Sources */,
				182B688C1EAF7641007CC668 /* AppDelegate.swift in Sources */,
				182B68921EAF7641007CC668 /* ExampleView2.swift in Sources */,
				182B68901EAF7641007CC668 /* ExampleRootView.swift in Sources */,
			);
			runOnlyForDeploymentPostprocessing = 0;
		};
/* End PBXSourcesBuildPhase section */

/* Begin PBXVariantGroup section */
		182B68871EAF7641007CC668 /* LaunchScreen.storyboard */ = {
			isa = PBXVariantGroup;
			children = (
				182B68881EAF7641007CC668 /* Base */,
			);
			name = LaunchScreen.storyboard;
			sourceTree = "<group>";
		};
/* End PBXVariantGroup section */

/* Begin XCBuildConfiguration section */
		182B68611EAF7530007CC668 /* Debug */ = {
			isa = XCBuildConfiguration;
			buildSettings = {
				SWIFT_VERSION = 4.0;
			};
			name = Debug;
		};
		182B68621EAF7530007CC668 /* Release */ = {
			isa = XCBuildConfiguration;
			buildSettings = {
				SWIFT_VERSION = 4.0;
			};
			name = Release;
		};
		182B68771EAF7589007CC668 /* Debug */ = {
			isa = XCBuildConfiguration;
			baseConfigurationReference = F34C6D0ED725F70B6F5A3341 /* Pods-Example.debug.xcconfig */;
			buildSettings = {
				ALWAYS_SEARCH_USER_PATHS = NO;
				ASSETCATALOG_COMPILER_APPICON_NAME = AppIcon;
				CLANG_ANALYZER_NONNULL = YES;
				CLANG_ANALYZER_NUMBER_OBJECT_CONVERSION = YES_AGGRESSIVE;
				CLANG_CXX_LANGUAGE_STANDARD = "gnu++0x";
				CLANG_CXX_LIBRARY = "libc++";
				CLANG_ENABLE_MODULES = YES;
				CLANG_ENABLE_OBJC_ARC = YES;
				CLANG_WARN_BOOL_CONVERSION = YES;
				CLANG_WARN_CONSTANT_CONVERSION = YES;
				CLANG_WARN_DIRECT_OBJC_ISA_USAGE = YES_ERROR;
				CLANG_WARN_DOCUMENTATION_COMMENTS = YES;
				CLANG_WARN_EMPTY_BODY = YES;
				CLANG_WARN_ENUM_CONVERSION = YES;
				CLANG_WARN_INFINITE_RECURSION = YES;
				CLANG_WARN_INT_CONVERSION = YES;
				CLANG_WARN_OBJC_ROOT_CLASS = YES_ERROR;
				CLANG_WARN_SUSPICIOUS_MOVE = YES;
				CLANG_WARN_UNREACHABLE_CODE = YES;
				CLANG_WARN__DUPLICATE_METHOD_MATCH = YES;
				"CODE_SIGN_IDENTITY[sdk=iphoneos*]" = "iPhone Developer";
				COPY_PHASE_STRIP = NO;
				DEBUG_INFORMATION_FORMAT = dwarf;
				DEVELOPMENT_TEAM = "";
				ENABLE_STRICT_OBJC_MSGSEND = YES;
				ENABLE_TESTABILITY = YES;
				GCC_C_LANGUAGE_STANDARD = gnu99;
				GCC_DYNAMIC_NO_PIC = NO;
				GCC_NO_COMMON_BLOCKS = YES;
				GCC_OPTIMIZATION_LEVEL = 0;
				GCC_PREPROCESSOR_DEFINITIONS = (
					"DEBUG=1",
					"$(inherited)",
				);
				GCC_WARN_64_TO_32_BIT_CONVERSION = YES;
				GCC_WARN_ABOUT_RETURN_TYPE = YES_ERROR;
				GCC_WARN_UNDECLARED_SELECTOR = YES;
				GCC_WARN_UNINITIALIZED_AUTOS = YES_AGGRESSIVE;
				GCC_WARN_UNUSED_FUNCTION = YES;
				GCC_WARN_UNUSED_VARIABLE = YES;
				INFOPLIST_FILE = "$(SRCROOT)/Example/Resource/Info.plist";
				IPHONEOS_DEPLOYMENT_TARGET = 9.0;
				LD_RUNPATH_SEARCH_PATHS = "$(inherited) @executable_path/Frameworks";
				MTL_ENABLE_DEBUG_INFO = YES;
				ONLY_ACTIVE_ARCH = YES;
				PRODUCT_BUNDLE_IDENTIFIER = org.brightify.reactant.Example;
				PRODUCT_NAME = "$(TARGET_NAME)";
				PROVISIONING_PROFILE_SPECIFIER = "";
				SDKROOT = iphoneos;
				SWIFT_ACTIVE_COMPILATION_CONDITIONS = DEBUG;
				SWIFT_OPTIMIZATION_LEVEL = "-Onone";
				SWIFT_VERSION = 4.0;
				TARGETED_DEVICE_FAMILY = "1,2";
			};
			name = Debug;
		};
		182B68781EAF7589007CC668 /* Release */ = {
			isa = XCBuildConfiguration;
			baseConfigurationReference = 098D5E646099DC6FADFAC15E /* Pods-Example.release.xcconfig */;
			buildSettings = {
				ALWAYS_SEARCH_USER_PATHS = NO;
				ASSETCATALOG_COMPILER_APPICON_NAME = AppIcon;
				CLANG_ANALYZER_NONNULL = YES;
				CLANG_ANALYZER_NUMBER_OBJECT_CONVERSION = YES_AGGRESSIVE;
				CLANG_CXX_LANGUAGE_STANDARD = "gnu++0x";
				CLANG_CXX_LIBRARY = "libc++";
				CLANG_ENABLE_MODULES = YES;
				CLANG_ENABLE_OBJC_ARC = YES;
				CLANG_WARN_BOOL_CONVERSION = YES;
				CLANG_WARN_CONSTANT_CONVERSION = YES;
				CLANG_WARN_DIRECT_OBJC_ISA_USAGE = YES_ERROR;
				CLANG_WARN_DOCUMENTATION_COMMENTS = YES;
				CLANG_WARN_EMPTY_BODY = YES;
				CLANG_WARN_ENUM_CONVERSION = YES;
				CLANG_WARN_INFINITE_RECURSION = YES;
				CLANG_WARN_INT_CONVERSION = YES;
				CLANG_WARN_OBJC_ROOT_CLASS = YES_ERROR;
				CLANG_WARN_SUSPICIOUS_MOVE = YES;
				CLANG_WARN_UNREACHABLE_CODE = YES;
				CLANG_WARN__DUPLICATE_METHOD_MATCH = YES;
				"CODE_SIGN_IDENTITY[sdk=iphoneos*]" = "iPhone Developer";
				COPY_PHASE_STRIP = NO;
				DEBUG_INFORMATION_FORMAT = "dwarf-with-dsym";
				DEVELOPMENT_TEAM = "";
				ENABLE_NS_ASSERTIONS = NO;
				ENABLE_STRICT_OBJC_MSGSEND = YES;
				GCC_C_LANGUAGE_STANDARD = gnu99;
				GCC_NO_COMMON_BLOCKS = YES;
				GCC_WARN_64_TO_32_BIT_CONVERSION = YES;
				GCC_WARN_ABOUT_RETURN_TYPE = YES_ERROR;
				GCC_WARN_UNDECLARED_SELECTOR = YES;
				GCC_WARN_UNINITIALIZED_AUTOS = YES_AGGRESSIVE;
				GCC_WARN_UNUSED_FUNCTION = YES;
				GCC_WARN_UNUSED_VARIABLE = YES;
				INFOPLIST_FILE = "$(SRCROOT)/Example/Resource/Info.plist";
				IPHONEOS_DEPLOYMENT_TARGET = 9.0;
				LD_RUNPATH_SEARCH_PATHS = "$(inherited) @executable_path/Frameworks";
				MTL_ENABLE_DEBUG_INFO = NO;
				PRODUCT_BUNDLE_IDENTIFIER = org.brightify.reactant.Example;
				PRODUCT_NAME = "$(TARGET_NAME)";
				PROVISIONING_PROFILE_SPECIFIER = "";
				SDKROOT = iphoneos;
				SWIFT_OPTIMIZATION_LEVEL = "-Owholemodule";
				SWIFT_VERSION = 4.0;
				TARGETED_DEVICE_FAMILY = "1,2";
				VALIDATE_PRODUCT = YES;
			};
			name = Release;
		};
/* End XCBuildConfiguration section */

/* Begin XCConfigurationList section */
		182B68601EAF7530007CC668 /* Build configuration list for PBXProject "ReactantUI" */ = {
			isa = XCConfigurationList;
			buildConfigurations = (
				182B68611EAF7530007CC668 /* Debug */,
				182B68621EAF7530007CC668 /* Release */,
			);
			defaultConfigurationIsVisible = 0;
			defaultConfigurationName = Release;
		};
		182B68791EAF7589007CC668 /* Build configuration list for PBXNativeTarget "Example" */ = {
			isa = XCConfigurationList;
			buildConfigurations = (
				182B68771EAF7589007CC668 /* Debug */,
				182B68781EAF7589007CC668 /* Release */,
			);
			defaultConfigurationIsVisible = 0;
			defaultConfigurationName = Release;
		};
/* End XCConfigurationList section */
	};
	rootObject = 182B685D1EAF7530007CC668 /* Project object */;
}
